// !$*UTF8*$!
{
	archiveVersion = 1;
	classes = {
	};
	objectVersion = 77;
	objects = {

/* Begin PBXBuildFile section */
		011FCD0F8A85C3042612DB19 /* CodesignVerifier.swift in Sources */ = {isa = PBXBuildFile; fileRef = CDAAFD291515674072BD84FC /* CodesignVerifier.swift */; };
		06937A8820325D8E363D26FE /* DiskSpace.swift in Sources */ = {isa = PBXBuildFile; fileRef = 0766755BD786B00550210084 /* DiskSpace.swift */; };
		09556E3574E7E5D08C69BDFA /* RecordComboField.swift in Sources */ = {isa = PBXBuildFile; fileRef = 9DA64F0A54A08FC53D3F5681 /* RecordComboField.swift */; };
		0DC234678FC7ACCFDCF108CC /* AppDelegate.swift in Sources */ = {isa = PBXBuildFile; fileRef = B026F43211BD2F9BB519C180 /* AppDelegate.swift */; };
		1143FCA70958F285D810FE6C /* SystemClaudeHandoff.swift in Sources */ = {isa = PBXBuildFile; fileRef = 6DC72E43E14620B4805DE626 /* SystemClaudeHandoff.swift */; };
		11B763B580EADE4B89F4756E /* default-keybindings.json in Resources */ = {isa = PBXBuildFile; fileRef = 6DE9FB54B158EC494838B935 /* default-keybindings.json */; };
		1211D18D25659470981B10CB /* MenubarController.swift in Sources */ = {isa = PBXBuildFile; fileRef = 53AC3F72A417E829574D72E6 /* MenubarController.swift */; };
		12914BA284FA48BF21F59CBE /* MarkdownDocTests.swift in Sources */ = {isa = PBXBuildFile; fileRef = 5AEF7733F2569854952FAD09 /* MarkdownDocTests.swift */; };
		18BAC487B1E51BF1AB0FB1D0 /* Todo.swift in Sources */ = {isa = PBXBuildFile; fileRef = E454A8AE1874899F469A5E8C /* Todo.swift */; };
		1B7DA313992E86CAE56A5EC1 /* OllamaTypesTests.swift in Sources */ = {isa = PBXBuildFile; fileRef = 2B29B0272ECA39FE89E7A3DB /* OllamaTypesTests.swift */; };
		1BC50D90AFF1CB973B15EADC /* CalendarEventMapperTests.swift in Sources */ = {isa = PBXBuildFile; fileRef = 250A406D6AA7EB9CB08886A6 /* CalendarEventMapperTests.swift */; };
		21A7F51F90F9E201E4DEF4E2 /* OllamaError.swift in Sources */ = {isa = PBXBuildFile; fileRef = E3B8DDE953367F6C614E57C3 /* OllamaError.swift */; };
		2288271E5923B3CB25E4D09E /* KeybindingsTab.swift in Sources */ = {isa = PBXBuildFile; fileRef = 09D99CCA3CCAA25B705C12E9 /* KeybindingsTab.swift */; };
		24C3A1050859A957D9C0D897 /* OllamaInstallerTests.swift in Sources */ = {isa = PBXBuildFile; fileRef = D4094049BA724125B54C206D /* OllamaInstallerTests.swift */; };
		27A18BC23BB19F258170C636 /* CaptureViewModelAIPathTests.swift in Sources */ = {isa = PBXBuildFile; fileRef = 28D97F1123ECF84F37FF90AF /* CaptureViewModelAIPathTests.swift */; };
		28BC4B4FCC196AAD8CCEDB19 /* CaptureViewModelFallbackTests.swift in Sources */ = {isa = PBXBuildFile; fileRef = 424E549027F93BB23F8A8121 /* CaptureViewModelFallbackTests.swift */; };
		2E27390ED97BC8597BE6B8C6 /* AppleFMProviderSubsetTests.swift in Sources */ = {isa = PBXBuildFile; fileRef = 4C4D15F27F50F6B7596C1DD1 /* AppleFMProviderSubsetTests.swift */; };
		2E76E6F3A2403048842D6BC3 /* OllamaDownloader.swift in Sources */ = {isa = PBXBuildFile; fileRef = D9F0F64D39F30DCE8A137C2B /* OllamaDownloader.swift */; };
		32E2A878C6D5F3FB61F4E22A /* ExtractionResult.swift in Sources */ = {isa = PBXBuildFile; fileRef = 148B21D1DAB6F848A9FB9099 /* ExtractionResult.swift */; };
		3477567BEFA4C82E03320B2E /* SMAppLaunchAtLoginService.swift in Sources */ = {isa = PBXBuildFile; fileRef = 4DF369BD5FB25AF56FD74547 /* SMAppLaunchAtLoginService.swift */; };
		36F69507A5A803E7930A23D0 /* CalendarTab.swift in Sources */ = {isa = PBXBuildFile; fileRef = 7F7848E15C8ADD403E88B9C3 /* CalendarTab.swift */; };
		396E4752AEA2CF5CB27513E8 /* Store.swift in Sources */ = {isa = PBXBuildFile; fileRef = 49657BD3B4A790B6E76F2286 /* Store.swift */; };
		3A7B97E8267549450599D9AE /* ProviderFactoryTests.swift in Sources */ = {isa = PBXBuildFile; fileRef = CC431D8C924B8BA580A75990 /* ProviderFactoryTests.swift */; };
		3E41425FB0D8104549F26DB9 /* OllamaProviderTests.swift in Sources */ = {isa = PBXBuildFile; fileRef = F60CB0F4682A7134A9AA1575 /* OllamaProviderTests.swift */; };
		3ED22ED5CB96C60B04AEC04B /* StoreRenameTests.swift in Sources */ = {isa = PBXBuildFile; fileRef = A5536334E5276877A353B5FC /* StoreRenameTests.swift */; };
		429C354A89E73A84BA6CB15A /* OpenAIProvider.swift in Sources */ = {isa = PBXBuildFile; fileRef = F776385CB322A3DDE510F823 /* OpenAIProvider.swift */; };
		443E7FD46EF75B1DF4379030 /* OllamaModelManagerTests.swift in Sources */ = {isa = PBXBuildFile; fileRef = 8F1D9867048C61485160F48A /* OllamaModelManagerTests.swift */; };
		458BFDF704114F3E49691844 /* ExtractionPrompt.swift in Sources */ = {isa = PBXBuildFile; fileRef = 9113B404F80D9A6A66CDFC7F /* ExtractionPrompt.swift */; };
		46D948FE9F5A83C7781C8428 /* ProviderToleranceConfig.swift in Sources */ = {isa = PBXBuildFile; fileRef = 7AA0678D4109E51D24CFDDA3 /* ProviderToleranceConfig.swift */; };
		490F738FB25B281F2307DC24 /* OpenAIProviderTests.swift in Sources */ = {isa = PBXBuildFile; fileRef = 349A1A1650A585FF3028585F /* OpenAIProviderTests.swift */; };
		4C1DB8E26E1198F13FCFB086 /* OllamaSettingsSection.swift in Sources */ = {isa = PBXBuildFile; fileRef = 2BAD23F9436F343AD92FE459 /* OllamaSettingsSection.swift */; };
		4D92D119A5DF67335C2570AB /* GitHubReleases.swift in Sources */ = {isa = PBXBuildFile; fileRef = E195DD44FFDF0E67F49CDCA4 /* GitHubReleases.swift */; };
		52C89360FC3DBEDFFA4741B5 /* CalendarURL.swift in Sources */ = {isa = PBXBuildFile; fileRef = E81A5F01CD75D09D0DDBC6C3 /* CalendarURL.swift */; };
		52E4EC480A039DE56CDBB7A4 /* ClaudeHandoff.swift in Sources */ = {isa = PBXBuildFile; fileRef = B957401C0292FB714615B37E /* ClaudeHandoff.swift */; };
		5301946C5B6D48C7C50349C2 /* ReviewListView.swift in Sources */ = {isa = PBXBuildFile; fileRef = D79CF682EE31F9B3C2A6EA2B /* ReviewListView.swift */; };
		535B07B92B41919A93B2E099 /* StoreTests.swift in Sources */ = {isa = PBXBuildFile; fileRef = AE591493870DE367A409DBE2 /* StoreTests.swift */; };
		5594C88B64D1A22FE8E2F940 /* ConflictDetectionTests.swift in Sources */ = {isa = PBXBuildFile; fileRef = 676042673E7F955996E5AC8D /* ConflictDetectionTests.swift */; };
		561A4F5D3945D120976D6E71 /* OllamaInstaller.swift in Sources */ = {isa = PBXBuildFile; fileRef = EED076436B08FDD988E3A9CD /* OllamaInstaller.swift */; };
		562FC1864EC866444522CA5B /* RolloverServiceTests.swift in Sources */ = {isa = PBXBuildFile; fileRef = F110BAA2A85A08104EDA30A2 /* RolloverServiceTests.swift */; };
		58E1D28C1017EC0D65392998 /* AIProvider.swift in Sources */ = {isa = PBXBuildFile; fileRef = 77C0E7D3DD37BF03C0B72371 /* AIProvider.swift */; };
		5AF0C3CA0C3F5D1CFC6F6E63 /* ClaudeProvider.swift in Sources */ = {isa = PBXBuildFile; fileRef = 7656CBC204B1A25BA07AFA45 /* ClaudeProvider.swift */; };
		5BF0108DAFB7389639F8822E /* ExtractedTask.swift in Sources */ = {isa = PBXBuildFile; fileRef = 3910C21E4EB8A45CCCDA2351 /* ExtractedTask.swift */; };
		621D937DC0A0FE8ED173C60C /* KeyComboDisplay.swift in Sources */ = {isa = PBXBuildFile; fileRef = 99EB871EE3BC1E7D453AA11E /* KeyComboDisplay.swift */; };
		63702B888DBB2625DFB04D63 /* FakeLaunchAtLoginService.swift in Sources */ = {isa = PBXBuildFile; fileRef = 4DE3385508EC20CD983A8AF9 /* FakeLaunchAtLoginService.swift */; };
		64045BAF777CB5F4AF3A021A /* CaptureViewModel.swift in Sources */ = {isa = PBXBuildFile; fileRef = 45835742C5C67CC8BA28A758 /* CaptureViewModel.swift */; };
		659AC5D433FD661DE35CD4DF /* TodoTests.swift in Sources */ = {isa = PBXBuildFile; fileRef = A0FC8742B157EA7431075271 /* TodoTests.swift */; };
		66D400C90EF207A7A59136D3 /* JSONSchemaBuilderTests.swift in Sources */ = {isa = PBXBuildFile; fileRef = 569E74D1B7E1C17DC75AA83E /* JSONSchemaBuilderTests.swift */; };
		67E329EEFDB75C4A0B4DD8A3 /* CrossProviderTests.swift in Sources */ = {isa = PBXBuildFile; fileRef = 0BCE7D5AC91D983DE35836C5 /* CrossProviderTests.swift */; };
		682CF1C7B61F0A2A68752E9D /* ExtractedTaskTests.swift in Sources */ = {isa = PBXBuildFile; fileRef = 365D40E78DF10E20BB8B1EFE /* ExtractedTaskTests.swift */; };
		69D3EB61F32C3DFEB6990560 /* CaptureView.swift in Sources */ = {isa = PBXBuildFile; fileRef = 6D93F9D0664E78E14B656E7D /* CaptureView.swift */; };
		6B983A5A784A70DFE33E566D /* DailyFileTests.swift in Sources */ = {isa = PBXBuildFile; fileRef = C9C10305FCA786584DA748E1 /* DailyFileTests.swift */; };
		6C8B6BB56D9C152161280221 /* KeybindingsStore.swift in Sources */ = {isa = PBXBuildFile; fileRef = 5ED63FE9E1470161665CA7AC /* KeybindingsStore.swift */; };
		6FBC2FAAA7AF4FEAD6C3D190 /* cross-provider-tolerances.json in Resources */ = {isa = PBXBuildFile; fileRef = 710A6F66A2A74516838B1E0E /* cross-provider-tolerances.json */; };
		70202616D4F4B5A052D5F4AD /* OllamaBinaryLocator.swift in Sources */ = {isa = PBXBuildFile; fileRef = 2474B13F10234BC19952AA10 /* OllamaBinaryLocator.swift */; };
		70D150082AA2813E27919EAF /* CaptureWindow.swift in Sources */ = {isa = PBXBuildFile; fileRef = 9EBF53336FF61CC3ABFDDD2A /* CaptureWindow.swift */; };
		7512045C9955FF03F4208F33 /* PrivacyDefaultTests.swift in Sources */ = {isa = PBXBuildFile; fileRef = 2B0993B3BF71BAFAE30F6EEF /* PrivacyDefaultTests.swift */; };
		75E75B6F8442A901263D02E7 /* KeybindingConflictsTests.swift in Sources */ = {isa = PBXBuildFile; fileRef = 1921AFB4C88E85C1D132EE3F /* KeybindingConflictsTests.swift */; };
		76D13BDC5E20FEA89EEB915B /* Action.swift in Sources */ = {isa = PBXBuildFile; fileRef = EC759DA0F19FAD410B08429D /* Action.swift */; };
		78933ADCEAA592EF6142A50D /* DailyFile.swift in Sources */ = {isa = PBXBuildFile; fileRef = 3CDA0A15DCF13E839E64C340 /* DailyFile.swift */; };
		8143A8E0BBB908899A089519 /* OllamaProvider.swift in Sources */ = {isa = PBXBuildFile; fileRef = 646855B8A21BF3E4EDDD4DCE /* OllamaProvider.swift */; };
		8301027F870AB1CA868276A8 /* CaptureViewModelTests.swift in Sources */ = {isa = PBXBuildFile; fileRef = 3FFE86FB51D82B8400FC8132 /* CaptureViewModelTests.swift */; };
		86918642CBA8980F05DAC8B1 /* ConfigStore.swift in Sources */ = {isa = PBXBuildFile; fileRef = 1A0DF5E61B7CF1638617E711 /* ConfigStore.swift */; };
		8873431849F067B1D97A6983 /* MarkdownDoc.swift in Sources */ = {isa = PBXBuildFile; fileRef = 49CDC4DAE3F1AA9A01F4FA30 /* MarkdownDoc.swift */; };
		887ECC5682D5BF6A0DF1CBF5 /* KeychainAPIKeyStoreTests.swift in Sources */ = {isa = PBXBuildFile; fileRef = 75BC99E14A3D4F50E532C30C /* KeychainAPIKeyStoreTests.swift */; };
		8A34C8537557EC76E3F9124F /* AITab.swift in Sources */ = {isa = PBXBuildFile; fileRef = F0E634DF0277FDFDD57D695E /* AITab.swift */; };
		8A500C03063516DADDB72FE6 /* StubURLProtocol.swift in Sources */ = {isa = PBXBuildFile; fileRef = 7EAAC2F1545290B13892D4C9 /* StubURLProtocol.swift */; };
		8AADC54766A06985B82814B2 /* DriftDetectionTests.swift in Sources */ = {isa = PBXBuildFile; fileRef = 2445FCD973A4E9EF9E319F23 /* DriftDetectionTests.swift */; };
		8CF0324340320B13B09E4FCE /* FakeClaudeHandoff.swift in Sources */ = {isa = PBXBuildFile; fileRef = 7CD5225956A642BC48596403 /* FakeClaudeHandoff.swift */; };
		900971A7D8834FCBCF0AD1A1 /* ProviderFactory.swift in Sources */ = {isa = PBXBuildFile; fileRef = 3F555F6B7796CD5B3E27FCB2 /* ProviderFactory.swift */; };
		9016E4F39ED8C2B4BA08CBB6 /* GeneralTab.swift in Sources */ = {isa = PBXBuildFile; fileRef = 48DE6791E1CC55312AC80D3E /* GeneralTab.swift */; };
		91E39FCEDBF5174DA577A0D4 /* StorageTab.swift in Sources */ = {isa = PBXBuildFile; fileRef = 4D0F6484D307F784AA064A13 /* StorageTab.swift */; };
		972E4CBA4ACC52809336CC35 /* OllamaBinaryLocatorTests.swift in Sources */ = {isa = PBXBuildFile; fileRef = E164C1254160F1C1D6633F02 /* OllamaBinaryLocatorTests.swift */; };
		98B0247A2F46F0809F9F8FB1 /* TimeBlock.swift in Sources */ = {isa = PBXBuildFile; fileRef = 41ADA90AE012463DBB0AEA14 /* TimeBlock.swift */; };
		9A1A940CF599B1281E0D9285 /* KeybindingsStoreTests.swift in Sources */ = {isa = PBXBuildFile; fileRef = 08A8AB1294E243EEE46C13F4 /* KeybindingsStoreTests.swift */; };
		9B3C881DA280A234D0231A75 /* ClaudePrompt.swift in Sources */ = {isa = PBXBuildFile; fileRef = A769CD384B54035052E79D20 /* ClaudePrompt.swift */; };
		A2E5D91EBDA488B5B4F891DB /* JottyApp.swift in Sources */ = {isa = PBXBuildFile; fileRef = 8A9053C9CFEB56811D8D06FA /* JottyApp.swift */; };
		A555FA0BE4730FAB981CF708 /* ClaudeProviderTests.swift in Sources */ = {isa = PBXBuildFile; fileRef = D7719D4B2AE14EC6B4A7E5A9 /* ClaudeProviderTests.swift */; };
		A5992B59338A3F857B39DD48 /* RetryPolicyTests.swift in Sources */ = {isa = PBXBuildFile; fileRef = B2FB2E1C41E77E6953910B65 /* RetryPolicyTests.swift */; };
		AA4787417E88E3F72C5F5510 /* MenubarListModelTests.swift in Sources */ = {isa = PBXBuildFile; fileRef = C84E33A536DA47388C797099 /* MenubarListModelTests.swift */; };
		AA88A84B0DC036C099F8AC29 /* ProviderToleranceConfigTests.swift in Sources */ = {isa = PBXBuildFile; fileRef = 4A5F0E9C31E086E62CAD2E59 /* ProviderToleranceConfigTests.swift */; };
		ABAEFE960D853E31B130B707 /* AIAvailability.swift in Sources */ = {isa = PBXBuildFile; fileRef = 8EA76498A5FA03218FD07FC2 /* AIAvailability.swift */; };
		AF9616D6B8C9325C4CC1B91C /* DurationGuardrail.swift in Sources */ = {isa = PBXBuildFile; fileRef = 3F9CEADED4FCCB1D3EF8B4B6 /* DurationGuardrail.swift */; };
		B305C0E7660A097AD4197D9F /* MenubarListView.swift in Sources */ = {isa = PBXBuildFile; fileRef = 43923E183E14DDBEBB793B89 /* MenubarListView.swift */; };
		B31C6DCE478F193D31575510 /* ExtractedTaskAI.swift in Sources */ = {isa = PBXBuildFile; fileRef = 1779948226E7290A4141189D /* ExtractedTaskAI.swift */; };
		B47A6E0656A2E900D522ADC7 /* LaunchAtLoginService.swift in Sources */ = {isa = PBXBuildFile; fileRef = B8A4A062DF3369683F5B69A6 /* LaunchAtLoginService.swift */; };
		B6E1E0FEDCDD91A07FB120AA /* KeychainAPIKeyStore.swift in Sources */ = {isa = PBXBuildFile; fileRef = A64B4957D1A1F845472F6297 /* KeychainAPIKeyStore.swift */; };
		B9A7635A507134DCFFCC52BC /* ConfigStoreTests.swift in Sources */ = {isa = PBXBuildFile; fileRef = 006FA2D88232464A90253AFC /* ConfigStoreTests.swift */; };
		BA0CD37E067E8D329C491BA0 /* AdvancedTab.swift in Sources */ = {isa = PBXBuildFile; fileRef = C1EE9AF48450765E33411A86 /* AdvancedTab.swift */; };
		BDDA6370872678ED79F0A9EE /* ExtractionPromptTests.swift in Sources */ = {isa = PBXBuildFile; fileRef = 32F6907B37BF32C46C9D6038 /* ExtractionPromptTests.swift */; };
		C15A0E464DAC736127AD7E6B /* ISOTaskMapper.swift in Sources */ = {isa = PBXBuildFile; fileRef = 11BC412A4E5D78AE9A4ACD24 /* ISOTaskMapper.swift */; };
		C25D38EA7EABC4933A5DA778 /* Quarantine.swift in Sources */ = {isa = PBXBuildFile; fileRef = D6EB8F59B589E10E72601FAE /* Quarantine.swift */; };
		C35DC5A6EDBAF1D9AC823043 /* KeybindingConflicts.swift in Sources */ = {isa = PBXBuildFile; fileRef = 584B89BD144F18FA0301D259 /* KeybindingConflicts.swift */; };
		C45BD28C18479A579432C6A3 /* AppleFMProviderFixturesTests.swift in Sources */ = {isa = PBXBuildFile; fileRef = 4406FC1457894C7727B72F4C /* AppleFMProviderFixturesTests.swift */; };
		C59259F4495F8E7486A667BB /* CalendarService.swift in Sources */ = {isa = PBXBuildFile; fileRef = 1D087F7C4C36FD1D57DAD33D /* CalendarService.swift */; };
		CB943CF3635054901E217689 /* RecordComboValidationTests.swift in Sources */ = {isa = PBXBuildFile; fileRef = 7C529B2156C8F06BE1F36348 /* RecordComboValidationTests.swift */; };
		CF69E9C4BD5EAE5170C79687 /* InstalledModel.swift in Sources */ = {isa = PBXBuildFile; fileRef = 820791648E6853B1DA48C4FF /* InstalledModel.swift */; };
		D2A3A7C12C3C6198C6476A30 /* GeminiProvider.swift in Sources */ = {isa = PBXBuildFile; fileRef = 34A507EC6C62BFF0B50DF9DB /* GeminiProvider.swift */; };
		D4571DE189B4142C2E4B7C26 /* OnboardingWindow.swift in Sources */ = {isa = PBXBuildFile; fileRef = DEDE140B418AF6F0F2B101AD /* OnboardingWindow.swift */; };
		D47704925E2D9F1B33AC830C /* AppleFMProvider.swift in Sources */ = {isa = PBXBuildFile; fileRef = 7B0EE59D27C1702E78013B10 /* AppleFMProvider.swift */; };
		D58243CB3057E984F2ED441E /* CalendarServiceTests.swift in Sources */ = {isa = PBXBuildFile; fileRef = 27D012E2718FAC27798EECD1 /* CalendarServiceTests.swift */; };
		D6993FDFA92E2B08F7B3F52C /* Assets.xcassets in Resources */ = {isa = PBXBuildFile; fileRef = 3DF97B79250F715F0DC65677 /* Assets.xcassets */; };
		D75CC104070B34EA222873A9 /* EventKitCalendarService.swift in Sources */ = {isa = PBXBuildFile; fileRef = 00929A9F50EF33DD0F7D086E /* EventKitCalendarService.swift */; };
		D7EB350BC325F9BF4604C5D1 /* PullProgress.swift in Sources */ = {isa = PBXBuildFile; fileRef = 30C4DA54EBC9CBC6FD045CDF /* PullProgress.swift */; };
		D971F5201F1F3D2EBEC2CB46 /* DurationGuardrailTests.swift in Sources */ = {isa = PBXBuildFile; fileRef = C3FBDC26E512E1C6BE656FBF /* DurationGuardrailTests.swift */; };
		D9EF353A56B432983FF479B3 /* FakeCalendarService.swift in Sources */ = {isa = PBXBuildFile; fileRef = 9A52B932EAFBCE5AD83268C7 /* FakeCalendarService.swift */; };
		DC13F6F4A63642BD6B3DE162 /* CalendarDrift.swift in Sources */ = {isa = PBXBuildFile; fileRef = 23C090ADF66A94D4A73E9BD8 /* CalendarDrift.swift */; };
		DC6E2FD167A6B74ACE2CAAB5 /* RolloverService.swift in Sources */ = {isa = PBXBuildFile; fileRef = 7336303002FC0750BF76F3EB /* RolloverService.swift */; };
		DE94C60BB5A7B4B2DCCA2359 /* SettingsWindow.swift in Sources */ = {isa = PBXBuildFile; fileRef = 8344F2A8901F1A9B158F4447 /* SettingsWindow.swift */; };
		DEBE33F44C0B1A2F9162CC63 /* LaunchAtLoginTests.swift in Sources */ = {isa = PBXBuildFile; fileRef = EF21C8F9A39D7BE6531516DF /* LaunchAtLoginTests.swift */; };
		DFFC4E09887978614C1381A7 /* KeyCombo.swift in Sources */ = {isa = PBXBuildFile; fileRef = 49ACA01BC670AD43D28F2B65 /* KeyCombo.swift */; };
		E254C6286A6698C0962539B3 /* JSONSchemaBuilder.swift in Sources */ = {isa = PBXBuildFile; fileRef = BE5BB2D1CE2E9503B3140245 /* JSONSchemaBuilder.swift */; };
		E3A30F2247865922A7DD2338 /* GeminiProviderTests.swift in Sources */ = {isa = PBXBuildFile; fileRef = C8DC934F8F6E3BDE39C8F4B6 /* GeminiProviderTests.swift */; };
		E4447D28FA66F03D1BDC5339 /* FixtureComparator.swift in Sources */ = {isa = PBXBuildFile; fileRef = 7BE63561E779672ABC2A4103 /* FixtureComparator.swift */; };
		E518CB95C20DB7611D5B7480 /* ConfigStoreProviderFieldTests.swift in Sources */ = {isa = PBXBuildFile; fileRef = DBD348D2521FC3BD20CC2309 /* ConfigStoreProviderFieldTests.swift */; };
		E6560770E1789D3C19A78AB8 /* ClaudePromptTests.swift in Sources */ = {isa = PBXBuildFile; fileRef = 989392B9AE0158984B8094BF /* ClaudePromptTests.swift */; };
		EFE4C2C74BBA2997F75419E0 /* extraction-fixtures.json in Resources */ = {isa = PBXBuildFile; fileRef = BDE5BC8AF7C48955FC276962 /* extraction-fixtures.json */; };
		F0A2AE6B8DEE8009ED9E631D /* SmokeTest.swift in Sources */ = {isa = PBXBuildFile; fileRef = B74F35AEAC40DCE682986CCC /* SmokeTest.swift */; };
		F1795581B4AF9AEA26BF24F4 /* RetryPolicy.swift in Sources */ = {isa = PBXBuildFile; fileRef = A4C805711B059EFD6C643117 /* RetryPolicy.swift */; };
		F37BB57E7E6293A91C4826E6 /* HotkeyManager.swift in Sources */ = {isa = PBXBuildFile; fileRef = C9B0844ABB3F780D1F2CE515 /* HotkeyManager.swift */; };
		F56EF043944DFD917ED549AB /* OllamaModelManager.swift in Sources */ = {isa = PBXBuildFile; fileRef = 648D58E2772B190DB7959D7A /* OllamaModelManager.swift */; };
		FA9753E9A723FFBE84D5BE54 /* CalendarEventMapper.swift in Sources */ = {isa = PBXBuildFile; fileRef = 5212E65936B5489A73151E30 /* CalendarEventMapper.swift */; };
		FB97C70BF9671EBD8AD985DB /* OnboardingFlagTests.swift in Sources */ = {isa = PBXBuildFile; fileRef = 79CB05965D620D8258EB4091 /* OnboardingFlagTests.swift */; };
		FBEF13AB8BE6325536AB0361 /* ISOTaskMapperTests.swift in Sources */ = {isa = PBXBuildFile; fileRef = CC7AE914A5C39C5B5DE845A9 /* ISOTaskMapperTests.swift */; };
/* End PBXBuildFile section */

/* Begin PBXContainerItemProxy section */
		B0B243D1CD16F4F17DF09629 /* PBXContainerItemProxy */ = {
			isa = PBXContainerItemProxy;
			containerPortal = D6E676BED282840D279FB56E /* Project object */;
			proxyType = 1;
			remoteGlobalIDString = 59BD5C0D70EB5D291A1F969E;
			remoteInfo = Jotty;
		};
/* End PBXContainerItemProxy section */

/* Begin PBXFileReference section */
		006FA2D88232464A90253AFC /* ConfigStoreTests.swift */ = {isa = PBXFileReference; lastKnownFileType = sourcecode.swift; path = ConfigStoreTests.swift; sourceTree = "<group>"; };
		00929A9F50EF33DD0F7D086E /* EventKitCalendarService.swift */ = {isa = PBXFileReference; lastKnownFileType = sourcecode.swift; path = EventKitCalendarService.swift; sourceTree = "<group>"; };
		0766755BD786B00550210084 /* DiskSpace.swift */ = {isa = PBXFileReference; lastKnownFileType = sourcecode.swift; path = DiskSpace.swift; sourceTree = "<group>"; };
		08A8AB1294E243EEE46C13F4 /* KeybindingsStoreTests.swift */ = {isa = PBXFileReference; lastKnownFileType = sourcecode.swift; path = KeybindingsStoreTests.swift; sourceTree = "<group>"; };
		09D99CCA3CCAA25B705C12E9 /* KeybindingsTab.swift */ = {isa = PBXFileReference; lastKnownFileType = sourcecode.swift; path = KeybindingsTab.swift; sourceTree = "<group>"; };
		0BCE7D5AC91D983DE35836C5 /* CrossProviderTests.swift */ = {isa = PBXFileReference; lastKnownFileType = sourcecode.swift; path = CrossProviderTests.swift; sourceTree = "<group>"; };
		11BC412A4E5D78AE9A4ACD24 /* ISOTaskMapper.swift */ = {isa = PBXFileReference; lastKnownFileType = sourcecode.swift; path = ISOTaskMapper.swift; sourceTree = "<group>"; };
		148B21D1DAB6F848A9FB9099 /* ExtractionResult.swift */ = {isa = PBXFileReference; lastKnownFileType = sourcecode.swift; path = ExtractionResult.swift; sourceTree = "<group>"; };
		1779948226E7290A4141189D /* ExtractedTaskAI.swift */ = {isa = PBXFileReference; lastKnownFileType = sourcecode.swift; path = ExtractedTaskAI.swift; sourceTree = "<group>"; };
		1921AFB4C88E85C1D132EE3F /* KeybindingConflictsTests.swift */ = {isa = PBXFileReference; lastKnownFileType = sourcecode.swift; path = KeybindingConflictsTests.swift; sourceTree = "<group>"; };
		1A0DF5E61B7CF1638617E711 /* ConfigStore.swift */ = {isa = PBXFileReference; lastKnownFileType = sourcecode.swift; path = ConfigStore.swift; sourceTree = "<group>"; };
		1D087F7C4C36FD1D57DAD33D /* CalendarService.swift */ = {isa = PBXFileReference; lastKnownFileType = sourcecode.swift; path = CalendarService.swift; sourceTree = "<group>"; };
		23C090ADF66A94D4A73E9BD8 /* CalendarDrift.swift */ = {isa = PBXFileReference; lastKnownFileType = sourcecode.swift; path = CalendarDrift.swift; sourceTree = "<group>"; };
		2445FCD973A4E9EF9E319F23 /* DriftDetectionTests.swift */ = {isa = PBXFileReference; lastKnownFileType = sourcecode.swift; path = DriftDetectionTests.swift; sourceTree = "<group>"; };
		2474B13F10234BC19952AA10 /* OllamaBinaryLocator.swift */ = {isa = PBXFileReference; lastKnownFileType = sourcecode.swift; path = OllamaBinaryLocator.swift; sourceTree = "<group>"; };
		250A406D6AA7EB9CB08886A6 /* CalendarEventMapperTests.swift */ = {isa = PBXFileReference; lastKnownFileType = sourcecode.swift; path = CalendarEventMapperTests.swift; sourceTree = "<group>"; };
		27D012E2718FAC27798EECD1 /* CalendarServiceTests.swift */ = {isa = PBXFileReference; lastKnownFileType = sourcecode.swift; path = CalendarServiceTests.swift; sourceTree = "<group>"; };
		28D97F1123ECF84F37FF90AF /* CaptureViewModelAIPathTests.swift */ = {isa = PBXFileReference; lastKnownFileType = sourcecode.swift; path = CaptureViewModelAIPathTests.swift; sourceTree = "<group>"; };
		2B0993B3BF71BAFAE30F6EEF /* PrivacyDefaultTests.swift */ = {isa = PBXFileReference; lastKnownFileType = sourcecode.swift; path = PrivacyDefaultTests.swift; sourceTree = "<group>"; };
		2B29B0272ECA39FE89E7A3DB /* OllamaTypesTests.swift */ = {isa = PBXFileReference; lastKnownFileType = sourcecode.swift; path = OllamaTypesTests.swift; sourceTree = "<group>"; };
		2BAD23F9436F343AD92FE459 /* OllamaSettingsSection.swift */ = {isa = PBXFileReference; lastKnownFileType = sourcecode.swift; path = OllamaSettingsSection.swift; sourceTree = "<group>"; };
		30C4DA54EBC9CBC6FD045CDF /* PullProgress.swift */ = {isa = PBXFileReference; lastKnownFileType = sourcecode.swift; path = PullProgress.swift; sourceTree = "<group>"; };
		32F6907B37BF32C46C9D6038 /* ExtractionPromptTests.swift */ = {isa = PBXFileReference; lastKnownFileType = sourcecode.swift; path = ExtractionPromptTests.swift; sourceTree = "<group>"; };
		349A1A1650A585FF3028585F /* OpenAIProviderTests.swift */ = {isa = PBXFileReference; lastKnownFileType = sourcecode.swift; path = OpenAIProviderTests.swift; sourceTree = "<group>"; };
		34A507EC6C62BFF0B50DF9DB /* GeminiProvider.swift */ = {isa = PBXFileReference; lastKnownFileType = sourcecode.swift; path = GeminiProvider.swift; sourceTree = "<group>"; };
		365D40E78DF10E20BB8B1EFE /* ExtractedTaskTests.swift */ = {isa = PBXFileReference; lastKnownFileType = sourcecode.swift; path = ExtractedTaskTests.swift; sourceTree = "<group>"; };
		3910C21E4EB8A45CCCDA2351 /* ExtractedTask.swift */ = {isa = PBXFileReference; lastKnownFileType = sourcecode.swift; path = ExtractedTask.swift; sourceTree = "<group>"; };
		3CDA0A15DCF13E839E64C340 /* DailyFile.swift */ = {isa = PBXFileReference; lastKnownFileType = sourcecode.swift; path = DailyFile.swift; sourceTree = "<group>"; };
		3DF97B79250F715F0DC65677 /* Assets.xcassets */ = {isa = PBXFileReference; lastKnownFileType = folder.assetcatalog; path = Assets.xcassets; sourceTree = "<group>"; };
		3F555F6B7796CD5B3E27FCB2 /* ProviderFactory.swift */ = {isa = PBXFileReference; lastKnownFileType = sourcecode.swift; path = ProviderFactory.swift; sourceTree = "<group>"; };
		3F9CEADED4FCCB1D3EF8B4B6 /* DurationGuardrail.swift */ = {isa = PBXFileReference; lastKnownFileType = sourcecode.swift; path = DurationGuardrail.swift; sourceTree = "<group>"; };
		3FFE86FB51D82B8400FC8132 /* CaptureViewModelTests.swift */ = {isa = PBXFileReference; lastKnownFileType = sourcecode.swift; path = CaptureViewModelTests.swift; sourceTree = "<group>"; };
		41ADA90AE012463DBB0AEA14 /* TimeBlock.swift */ = {isa = PBXFileReference; lastKnownFileType = sourcecode.swift; path = TimeBlock.swift; sourceTree = "<group>"; };
		424E549027F93BB23F8A8121 /* CaptureViewModelFallbackTests.swift */ = {isa = PBXFileReference; lastKnownFileType = sourcecode.swift; path = CaptureViewModelFallbackTests.swift; sourceTree = "<group>"; };
		428DD70FF55C0CDADC0E5444 /* Jotty.app */ = {isa = PBXFileReference; explicitFileType = wrapper.application; includeInIndex = 0; path = Jotty.app; sourceTree = BUILT_PRODUCTS_DIR; };
		43923E183E14DDBEBB793B89 /* MenubarListView.swift */ = {isa = PBXFileReference; lastKnownFileType = sourcecode.swift; path = MenubarListView.swift; sourceTree = "<group>"; };
		4406FC1457894C7727B72F4C /* AppleFMProviderFixturesTests.swift */ = {isa = PBXFileReference; lastKnownFileType = sourcecode.swift; path = AppleFMProviderFixturesTests.swift; sourceTree = "<group>"; };
		45835742C5C67CC8BA28A758 /* CaptureViewModel.swift */ = {isa = PBXFileReference; lastKnownFileType = sourcecode.swift; path = CaptureViewModel.swift; sourceTree = "<group>"; };
		48DE6791E1CC55312AC80D3E /* GeneralTab.swift */ = {isa = PBXFileReference; lastKnownFileType = sourcecode.swift; path = GeneralTab.swift; sourceTree = "<group>"; };
		49657BD3B4A790B6E76F2286 /* Store.swift */ = {isa = PBXFileReference; lastKnownFileType = sourcecode.swift; path = Store.swift; sourceTree = "<group>"; };
		49ACA01BC670AD43D28F2B65 /* KeyCombo.swift */ = {isa = PBXFileReference; lastKnownFileType = sourcecode.swift; path = KeyCombo.swift; sourceTree = "<group>"; };
		49CDC4DAE3F1AA9A01F4FA30 /* MarkdownDoc.swift */ = {isa = PBXFileReference; lastKnownFileType = sourcecode.swift; path = MarkdownDoc.swift; sourceTree = "<group>"; };
		4A5F0E9C31E086E62CAD2E59 /* ProviderToleranceConfigTests.swift */ = {isa = PBXFileReference; lastKnownFileType = sourcecode.swift; path = ProviderToleranceConfigTests.swift; sourceTree = "<group>"; };
		4C4D15F27F50F6B7596C1DD1 /* AppleFMProviderSubsetTests.swift */ = {isa = PBXFileReference; lastKnownFileType = sourcecode.swift; path = AppleFMProviderSubsetTests.swift; sourceTree = "<group>"; };
		4D0F6484D307F784AA064A13 /* StorageTab.swift */ = {isa = PBXFileReference; lastKnownFileType = sourcecode.swift; path = StorageTab.swift; sourceTree = "<group>"; };
		4DE3385508EC20CD983A8AF9 /* FakeLaunchAtLoginService.swift */ = {isa = PBXFileReference; lastKnownFileType = sourcecode.swift; path = FakeLaunchAtLoginService.swift; sourceTree = "<group>"; };
		4DF369BD5FB25AF56FD74547 /* SMAppLaunchAtLoginService.swift */ = {isa = PBXFileReference; lastKnownFileType = sourcecode.swift; path = SMAppLaunchAtLoginService.swift; sourceTree = "<group>"; };
		5212E65936B5489A73151E30 /* CalendarEventMapper.swift */ = {isa = PBXFileReference; lastKnownFileType = sourcecode.swift; path = CalendarEventMapper.swift; sourceTree = "<group>"; };
		53AC3F72A417E829574D72E6 /* MenubarController.swift */ = {isa = PBXFileReference; lastKnownFileType = sourcecode.swift; path = MenubarController.swift; sourceTree = "<group>"; };
		569E74D1B7E1C17DC75AA83E /* JSONSchemaBuilderTests.swift */ = {isa = PBXFileReference; lastKnownFileType = sourcecode.swift; path = JSONSchemaBuilderTests.swift; sourceTree = "<group>"; };
		584B89BD144F18FA0301D259 /* KeybindingConflicts.swift */ = {isa = PBXFileReference; lastKnownFileType = sourcecode.swift; path = KeybindingConflicts.swift; sourceTree = "<group>"; };
		5AEF7733F2569854952FAD09 /* MarkdownDocTests.swift */ = {isa = PBXFileReference; lastKnownFileType = sourcecode.swift; path = MarkdownDocTests.swift; sourceTree = "<group>"; };
		5ED63FE9E1470161665CA7AC /* KeybindingsStore.swift */ = {isa = PBXFileReference; lastKnownFileType = sourcecode.swift; path = KeybindingsStore.swift; sourceTree = "<group>"; };
		646855B8A21BF3E4EDDD4DCE /* OllamaProvider.swift */ = {isa = PBXFileReference; lastKnownFileType = sourcecode.swift; path = OllamaProvider.swift; sourceTree = "<group>"; };
		648D58E2772B190DB7959D7A /* OllamaModelManager.swift */ = {isa = PBXFileReference; lastKnownFileType = sourcecode.swift; path = OllamaModelManager.swift; sourceTree = "<group>"; };
		676042673E7F955996E5AC8D /* ConflictDetectionTests.swift */ = {isa = PBXFileReference; lastKnownFileType = sourcecode.swift; path = ConflictDetectionTests.swift; sourceTree = "<group>"; };
		6D93F9D0664E78E14B656E7D /* CaptureView.swift */ = {isa = PBXFileReference; lastKnownFileType = sourcecode.swift; path = CaptureView.swift; sourceTree = "<group>"; };
		6DC72E43E14620B4805DE626 /* SystemClaudeHandoff.swift */ = {isa = PBXFileReference; lastKnownFileType = sourcecode.swift; path = SystemClaudeHandoff.swift; sourceTree = "<group>"; };
		6DE9FB54B158EC494838B935 /* default-keybindings.json */ = {isa = PBXFileReference; lastKnownFileType = text.json; path = "default-keybindings.json"; sourceTree = "<group>"; };
		710A6F66A2A74516838B1E0E /* cross-provider-tolerances.json */ = {isa = PBXFileReference; lastKnownFileType = text.json; path = "cross-provider-tolerances.json"; sourceTree = "<group>"; };
		7336303002FC0750BF76F3EB /* RolloverService.swift */ = {isa = PBXFileReference; lastKnownFileType = sourcecode.swift; path = RolloverService.swift; sourceTree = "<group>"; };
		75BC99E14A3D4F50E532C30C /* KeychainAPIKeyStoreTests.swift */ = {isa = PBXFileReference; lastKnownFileType = sourcecode.swift; path = KeychainAPIKeyStoreTests.swift; sourceTree = "<group>"; };
		7656CBC204B1A25BA07AFA45 /* ClaudeProvider.swift */ = {isa = PBXFileReference; lastKnownFileType = sourcecode.swift; path = ClaudeProvider.swift; sourceTree = "<group>"; };
		77C0E7D3DD37BF03C0B72371 /* AIProvider.swift */ = {isa = PBXFileReference; lastKnownFileType = sourcecode.swift; path = AIProvider.swift; sourceTree = "<group>"; };
		79CB05965D620D8258EB4091 /* OnboardingFlagTests.swift */ = {isa = PBXFileReference; lastKnownFileType = sourcecode.swift; path = OnboardingFlagTests.swift; sourceTree = "<group>"; };
		7AA0678D4109E51D24CFDDA3 /* ProviderToleranceConfig.swift */ = {isa = PBXFileReference; lastKnownFileType = sourcecode.swift; path = ProviderToleranceConfig.swift; sourceTree = "<group>"; };
		7B0EE59D27C1702E78013B10 /* AppleFMProvider.swift */ = {isa = PBXFileReference; lastKnownFileType = sourcecode.swift; path = AppleFMProvider.swift; sourceTree = "<group>"; };
		7BE63561E779672ABC2A4103 /* FixtureComparator.swift */ = {isa = PBXFileReference; lastKnownFileType = sourcecode.swift; path = FixtureComparator.swift; sourceTree = "<group>"; };
		7C529B2156C8F06BE1F36348 /* RecordComboValidationTests.swift */ = {isa = PBXFileReference; lastKnownFileType = sourcecode.swift; path = RecordComboValidationTests.swift; sourceTree = "<group>"; };
		7CD5225956A642BC48596403 /* FakeClaudeHandoff.swift */ = {isa = PBXFileReference; lastKnownFileType = sourcecode.swift; path = FakeClaudeHandoff.swift; sourceTree = "<group>"; };
		7EAAC2F1545290B13892D4C9 /* StubURLProtocol.swift */ = {isa = PBXFileReference; lastKnownFileType = sourcecode.swift; path = StubURLProtocol.swift; sourceTree = "<group>"; };
		7F7848E15C8ADD403E88B9C3 /* CalendarTab.swift */ = {isa = PBXFileReference; lastKnownFileType = sourcecode.swift; path = CalendarTab.swift; sourceTree = "<group>"; };
		820791648E6853B1DA48C4FF /* InstalledModel.swift */ = {isa = PBXFileReference; lastKnownFileType = sourcecode.swift; path = InstalledModel.swift; sourceTree = "<group>"; };
		8344F2A8901F1A9B158F4447 /* SettingsWindow.swift */ = {isa = PBXFileReference; lastKnownFileType = sourcecode.swift; path = SettingsWindow.swift; sourceTree = "<group>"; };
		8A9053C9CFEB56811D8D06FA /* JottyApp.swift */ = {isa = PBXFileReference; lastKnownFileType = sourcecode.swift; path = JottyApp.swift; sourceTree = "<group>"; };
		8EA76498A5FA03218FD07FC2 /* AIAvailability.swift */ = {isa = PBXFileReference; lastKnownFileType = sourcecode.swift; path = AIAvailability.swift; sourceTree = "<group>"; };
		8F1D9867048C61485160F48A /* OllamaModelManagerTests.swift */ = {isa = PBXFileReference; lastKnownFileType = sourcecode.swift; path = OllamaModelManagerTests.swift; sourceTree = "<group>"; };
		9113B404F80D9A6A66CDFC7F /* ExtractionPrompt.swift */ = {isa = PBXFileReference; lastKnownFileType = sourcecode.swift; path = ExtractionPrompt.swift; sourceTree = "<group>"; };
		989392B9AE0158984B8094BF /* ClaudePromptTests.swift */ = {isa = PBXFileReference; lastKnownFileType = sourcecode.swift; path = ClaudePromptTests.swift; sourceTree = "<group>"; };
		99EB871EE3BC1E7D453AA11E /* KeyComboDisplay.swift */ = {isa = PBXFileReference; lastKnownFileType = sourcecode.swift; path = KeyComboDisplay.swift; sourceTree = "<group>"; };
		9A52B932EAFBCE5AD83268C7 /* FakeCalendarService.swift */ = {isa = PBXFileReference; lastKnownFileType = sourcecode.swift; path = FakeCalendarService.swift; sourceTree = "<group>"; };
		9DA64F0A54A08FC53D3F5681 /* RecordComboField.swift */ = {isa = PBXFileReference; lastKnownFileType = sourcecode.swift; path = RecordComboField.swift; sourceTree = "<group>"; };
		9EBF53336FF61CC3ABFDDD2A /* CaptureWindow.swift */ = {isa = PBXFileReference; lastKnownFileType = sourcecode.swift; path = CaptureWindow.swift; sourceTree = "<group>"; };
		A0FC8742B157EA7431075271 /* TodoTests.swift */ = {isa = PBXFileReference; lastKnownFileType = sourcecode.swift; path = TodoTests.swift; sourceTree = "<group>"; };
		A4C805711B059EFD6C643117 /* RetryPolicy.swift */ = {isa = PBXFileReference; lastKnownFileType = sourcecode.swift; path = RetryPolicy.swift; sourceTree = "<group>"; };
		A5536334E5276877A353B5FC /* StoreRenameTests.swift */ = {isa = PBXFileReference; lastKnownFileType = sourcecode.swift; path = StoreRenameTests.swift; sourceTree = "<group>"; };
		A64B4957D1A1F845472F6297 /* KeychainAPIKeyStore.swift */ = {isa = PBXFileReference; lastKnownFileType = sourcecode.swift; path = KeychainAPIKeyStore.swift; sourceTree = "<group>"; };
		A769CD384B54035052E79D20 /* ClaudePrompt.swift */ = {isa = PBXFileReference; lastKnownFileType = sourcecode.swift; path = ClaudePrompt.swift; sourceTree = "<group>"; };
		AE591493870DE367A409DBE2 /* StoreTests.swift */ = {isa = PBXFileReference; lastKnownFileType = sourcecode.swift; path = StoreTests.swift; sourceTree = "<group>"; };
		B026F43211BD2F9BB519C180 /* AppDelegate.swift */ = {isa = PBXFileReference; lastKnownFileType = sourcecode.swift; path = AppDelegate.swift; sourceTree = "<group>"; };
		B2FB2E1C41E77E6953910B65 /* RetryPolicyTests.swift */ = {isa = PBXFileReference; lastKnownFileType = sourcecode.swift; path = RetryPolicyTests.swift; sourceTree = "<group>"; };
		B74F35AEAC40DCE682986CCC /* SmokeTest.swift */ = {isa = PBXFileReference; lastKnownFileType = sourcecode.swift; path = SmokeTest.swift; sourceTree = "<group>"; };
		B8A4A062DF3369683F5B69A6 /* LaunchAtLoginService.swift */ = {isa = PBXFileReference; lastKnownFileType = sourcecode.swift; path = LaunchAtLoginService.swift; sourceTree = "<group>"; };
		B957401C0292FB714615B37E /* ClaudeHandoff.swift */ = {isa = PBXFileReference; lastKnownFileType = sourcecode.swift; path = ClaudeHandoff.swift; sourceTree = "<group>"; };
		BDE5BC8AF7C48955FC276962 /* extraction-fixtures.json */ = {isa = PBXFileReference; lastKnownFileType = text.json; path = "extraction-fixtures.json"; sourceTree = "<group>"; };
		BE5BB2D1CE2E9503B3140245 /* JSONSchemaBuilder.swift */ = {isa = PBXFileReference; lastKnownFileType = sourcecode.swift; path = JSONSchemaBuilder.swift; sourceTree = "<group>"; };
		BFEB5F765220DE9666B68F7B /* JottyTests.xctest */ = {isa = PBXFileReference; explicitFileType = wrapper.cfbundle; includeInIndex = 0; path = JottyTests.xctest; sourceTree = BUILT_PRODUCTS_DIR; };
		C1EE9AF48450765E33411A86 /* AdvancedTab.swift */ = {isa = PBXFileReference; lastKnownFileType = sourcecode.swift; path = AdvancedTab.swift; sourceTree = "<group>"; };
		C3FBDC26E512E1C6BE656FBF /* DurationGuardrailTests.swift */ = {isa = PBXFileReference; lastKnownFileType = sourcecode.swift; path = DurationGuardrailTests.swift; sourceTree = "<group>"; };
		C84E33A536DA47388C797099 /* MenubarListModelTests.swift */ = {isa = PBXFileReference; lastKnownFileType = sourcecode.swift; path = MenubarListModelTests.swift; sourceTree = "<group>"; };
		C8DC934F8F6E3BDE39C8F4B6 /* GeminiProviderTests.swift */ = {isa = PBXFileReference; lastKnownFileType = sourcecode.swift; path = GeminiProviderTests.swift; sourceTree = "<group>"; };
		C9B0844ABB3F780D1F2CE515 /* HotkeyManager.swift */ = {isa = PBXFileReference; lastKnownFileType = sourcecode.swift; path = HotkeyManager.swift; sourceTree = "<group>"; };
		C9C10305FCA786584DA748E1 /* DailyFileTests.swift */ = {isa = PBXFileReference; lastKnownFileType = sourcecode.swift; path = DailyFileTests.swift; sourceTree = "<group>"; };
		CC431D8C924B8BA580A75990 /* ProviderFactoryTests.swift */ = {isa = PBXFileReference; lastKnownFileType = sourcecode.swift; path = ProviderFactoryTests.swift; sourceTree = "<group>"; };
		CC7AE914A5C39C5B5DE845A9 /* ISOTaskMapperTests.swift */ = {isa = PBXFileReference; lastKnownFileType = sourcecode.swift; path = ISOTaskMapperTests.swift; sourceTree = "<group>"; };
		CDAAFD291515674072BD84FC /* CodesignVerifier.swift */ = {isa = PBXFileReference; lastKnownFileType = sourcecode.swift; path = CodesignVerifier.swift; sourceTree = "<group>"; };
		D4094049BA724125B54C206D /* OllamaInstallerTests.swift */ = {isa = PBXFileReference; lastKnownFileType = sourcecode.swift; path = OllamaInstallerTests.swift; sourceTree = "<group>"; };
		D6EB8F59B589E10E72601FAE /* Quarantine.swift */ = {isa = PBXFileReference; lastKnownFileType = sourcecode.swift; path = Quarantine.swift; sourceTree = "<group>"; };
		D7719D4B2AE14EC6B4A7E5A9 /* ClaudeProviderTests.swift */ = {isa = PBXFileReference; lastKnownFileType = sourcecode.swift; path = ClaudeProviderTests.swift; sourceTree = "<group>"; };
		D79CF682EE31F9B3C2A6EA2B /* ReviewListView.swift */ = {isa = PBXFileReference; lastKnownFileType = sourcecode.swift; path = ReviewListView.swift; sourceTree = "<group>"; };
		D9F0F64D39F30DCE8A137C2B /* OllamaDownloader.swift */ = {isa = PBXFileReference; lastKnownFileType = sourcecode.swift; path = OllamaDownloader.swift; sourceTree = "<group>"; };
		DBD348D2521FC3BD20CC2309 /* ConfigStoreProviderFieldTests.swift */ = {isa = PBXFileReference; lastKnownFileType = sourcecode.swift; path = ConfigStoreProviderFieldTests.swift; sourceTree = "<group>"; };
		DEDE140B418AF6F0F2B101AD /* OnboardingWindow.swift */ = {isa = PBXFileReference; lastKnownFileType = sourcecode.swift; path = OnboardingWindow.swift; sourceTree = "<group>"; };
		E164C1254160F1C1D6633F02 /* OllamaBinaryLocatorTests.swift */ = {isa = PBXFileReference; lastKnownFileType = sourcecode.swift; path = OllamaBinaryLocatorTests.swift; sourceTree = "<group>"; };
		E195DD44FFDF0E67F49CDCA4 /* GitHubReleases.swift */ = {isa = PBXFileReference; lastKnownFileType = sourcecode.swift; path = GitHubReleases.swift; sourceTree = "<group>"; };
		E3B8DDE953367F6C614E57C3 /* OllamaError.swift */ = {isa = PBXFileReference; lastKnownFileType = sourcecode.swift; path = OllamaError.swift; sourceTree = "<group>"; };
		E454A8AE1874899F469A5E8C /* Todo.swift */ = {isa = PBXFileReference; lastKnownFileType = sourcecode.swift; path = Todo.swift; sourceTree = "<group>"; };
		E81A5F01CD75D09D0DDBC6C3 /* CalendarURL.swift */ = {isa = PBXFileReference; lastKnownFileType = sourcecode.swift; path = CalendarURL.swift; sourceTree = "<group>"; };
		EC759DA0F19FAD410B08429D /* Action.swift */ = {isa = PBXFileReference; lastKnownFileType = sourcecode.swift; path = Action.swift; sourceTree = "<group>"; };
		EED076436B08FDD988E3A9CD /* OllamaInstaller.swift */ = {isa = PBXFileReference; lastKnownFileType = sourcecode.swift; path = OllamaInstaller.swift; sourceTree = "<group>"; };
		EF21C8F9A39D7BE6531516DF /* LaunchAtLoginTests.swift */ = {isa = PBXFileReference; lastKnownFileType = sourcecode.swift; path = LaunchAtLoginTests.swift; sourceTree = "<group>"; };
		F0E634DF0277FDFDD57D695E /* AITab.swift */ = {isa = PBXFileReference; lastKnownFileType = sourcecode.swift; path = AITab.swift; sourceTree = "<group>"; };
		F110BAA2A85A08104EDA30A2 /* RolloverServiceTests.swift */ = {isa = PBXFileReference; lastKnownFileType = sourcecode.swift; path = RolloverServiceTests.swift; sourceTree = "<group>"; };
		F60CB0F4682A7134A9AA1575 /* OllamaProviderTests.swift */ = {isa = PBXFileReference; lastKnownFileType = sourcecode.swift; path = OllamaProviderTests.swift; sourceTree = "<group>"; };
		F776385CB322A3DDE510F823 /* OpenAIProvider.swift */ = {isa = PBXFileReference; lastKnownFileType = sourcecode.swift; path = OpenAIProvider.swift; sourceTree = "<group>"; };
/* End PBXFileReference section */

/* Begin PBXGroup section */
		0ABBF7411B38585D30518F11 /* Products */ = {
			isa = PBXGroup;
			children = (
				428DD70FF55C0CDADC0E5444 /* Jotty.app */,
				BFEB5F765220DE9666B68F7B /* JottyTests.xctest */,
			);
			name = Products;
			sourceTree = "<group>";
		};
		0F2A3FDA3E2F92EF6C208F8D /* JottyTests */ = {
			isa = PBXGroup;
			children = (
				3FFE86FB51D82B8400FC8132 /* CaptureViewModelTests.swift */,
				989392B9AE0158984B8094BF /* ClaudePromptTests.swift */,
				006FA2D88232464A90253AFC /* ConfigStoreTests.swift */,
				C9C10305FCA786584DA748E1 /* DailyFileTests.swift */,
				1921AFB4C88E85C1D132EE3F /* KeybindingConflictsTests.swift */,
				08A8AB1294E243EEE46C13F4 /* KeybindingsStoreTests.swift */,
				EF21C8F9A39D7BE6531516DF /* LaunchAtLoginTests.swift */,
				5AEF7733F2569854952FAD09 /* MarkdownDocTests.swift */,
				C84E33A536DA47388C797099 /* MenubarListModelTests.swift */,
				79CB05965D620D8258EB4091 /* OnboardingFlagTests.swift */,
				2B0993B3BF71BAFAE30F6EEF /* PrivacyDefaultTests.swift */,
				7C529B2156C8F06BE1F36348 /* RecordComboValidationTests.swift */,
				F110BAA2A85A08104EDA30A2 /* RolloverServiceTests.swift */,
				B74F35AEAC40DCE682986CCC /* SmokeTest.swift */,
				A5536334E5276877A353B5FC /* StoreRenameTests.swift */,
				AE591493870DE367A409DBE2 /* StoreTests.swift */,
				A0FC8742B157EA7431075271 /* TodoTests.swift */,
				547C70B02E19E956E281543A /* AI */,
				66278E9AE794B036093FAE80 /* Calendar */,
				B8673E03FDD424E43569A804 /* Config */,
				7A3B384B703F99BFFF5226BE /* Fakes */,
				9CBBAE578DFC2E5EF6F44C14 /* Resources */,
			);
			path = JottyTests;
			sourceTree = "<group>";
		};
		13FD2ABE0761B0E8CEE8C50F /* Jotty */ = {
			isa = PBXGroup;
			children = (
				B026F43211BD2F9BB519C180 /* AppDelegate.swift */,
				8A9053C9CFEB56811D8D06FA /* JottyApp.swift */,
				9B697A19AD720FCBE7A97AA8 /* AI */,
				F215FDE7B6DBAAB18293CFD6 /* Calendar */,
				98110515FAB8B246A26DE230 /* Capture */,
				7F87712068CBFC2CA549232B /* Claude */,
				98BACBAD039060A6F2FEB0F5 /* Config */,
				84A47C6603CD5ACA51EA6B82 /* Hotkey */,
				C6FE6D81CF7AC65E0720A24B /* Keybindings */,
				D5894C03F6A0B075595685C7 /* LaunchAtLogin */,
				5A5FDEEAC250C0E47F3653A5 /* Menubar */,
				6CFCC214A10EFD6066843732 /* Onboarding */,
				78260507BD3C890EA1E9BFDB /* Resources */,
				2C0E6BBE9D8F920A613EA2F9 /* Rollover */,
				9579870D50605B3F694D932C /* Settings */,
				97D58AA03E8D457406DE7991 /* Store */,
			);
			path = Jotty;
			sourceTree = "<group>";
		};
		2C0E6BBE9D8F920A613EA2F9 /* Rollover */ = {
			isa = PBXGroup;
			children = (
				7336303002FC0750BF76F3EB /* RolloverService.swift */,
			);
			path = Rollover;
			sourceTree = "<group>";
		};
		547C70B02E19E956E281543A /* AI */ = {
			isa = PBXGroup;
			children = (
				4406FC1457894C7727B72F4C /* AppleFMProviderFixturesTests.swift */,
				4C4D15F27F50F6B7596C1DD1 /* AppleFMProviderSubsetTests.swift */,
				28D97F1123ECF84F37FF90AF /* CaptureViewModelAIPathTests.swift */,
				424E549027F93BB23F8A8121 /* CaptureViewModelFallbackTests.swift */,
				D7719D4B2AE14EC6B4A7E5A9 /* ClaudeProviderTests.swift */,
				0BCE7D5AC91D983DE35836C5 /* CrossProviderTests.swift */,
				C3FBDC26E512E1C6BE656FBF /* DurationGuardrailTests.swift */,
				365D40E78DF10E20BB8B1EFE /* ExtractedTaskTests.swift */,
				32F6907B37BF32C46C9D6038 /* ExtractionPromptTests.swift */,
				7BE63561E779672ABC2A4103 /* FixtureComparator.swift */,
				C8DC934F8F6E3BDE39C8F4B6 /* GeminiProviderTests.swift */,
				CC7AE914A5C39C5B5DE845A9 /* ISOTaskMapperTests.swift */,
				569E74D1B7E1C17DC75AA83E /* JSONSchemaBuilderTests.swift */,
				75BC99E14A3D4F50E532C30C /* KeychainAPIKeyStoreTests.swift */,
				E164C1254160F1C1D6633F02 /* OllamaBinaryLocatorTests.swift */,
				D4094049BA724125B54C206D /* OllamaInstallerTests.swift */,
				8F1D9867048C61485160F48A /* OllamaModelManagerTests.swift */,
				F60CB0F4682A7134A9AA1575 /* OllamaProviderTests.swift */,
				2B29B0272ECA39FE89E7A3DB /* OllamaTypesTests.swift */,
				349A1A1650A585FF3028585F /* OpenAIProviderTests.swift */,
				CC431D8C924B8BA580A75990 /* ProviderFactoryTests.swift */,
				7AA0678D4109E51D24CFDDA3 /* ProviderToleranceConfig.swift */,
				4A5F0E9C31E086E62CAD2E59 /* ProviderToleranceConfigTests.swift */,
				B2FB2E1C41E77E6953910B65 /* RetryPolicyTests.swift */,
				7EAAC2F1545290B13892D4C9 /* StubURLProtocol.swift */,
			);
			path = AI;
			sourceTree = "<group>";
		};
		5A5FDEEAC250C0E47F3653A5 /* Menubar */ = {
			isa = PBXGroup;
			children = (
				53AC3F72A417E829574D72E6 /* MenubarController.swift */,
				43923E183E14DDBEBB793B89 /* MenubarListView.swift */,
			);
			path = Menubar;
			sourceTree = "<group>";
		};
		66278E9AE794B036093FAE80 /* Calendar */ = {
			isa = PBXGroup;
			children = (
				250A406D6AA7EB9CB08886A6 /* CalendarEventMapperTests.swift */,
				27D012E2718FAC27798EECD1 /* CalendarServiceTests.swift */,
				676042673E7F955996E5AC8D /* ConflictDetectionTests.swift */,
				2445FCD973A4E9EF9E319F23 /* DriftDetectionTests.swift */,
				9A52B932EAFBCE5AD83268C7 /* FakeCalendarService.swift */,
			);
			path = Calendar;
			sourceTree = "<group>";
		};
		6CFCC214A10EFD6066843732 /* Onboarding */ = {
			isa = PBXGroup;
			children = (
				DEDE140B418AF6F0F2B101AD /* OnboardingWindow.swift */,
			);
			path = Onboarding;
			sourceTree = "<group>";
		};
		78260507BD3C890EA1E9BFDB /* Resources */ = {
			isa = PBXGroup;
			children = (
				3DF97B79250F715F0DC65677 /* Assets.xcassets */,
				6DE9FB54B158EC494838B935 /* default-keybindings.json */,
			);
			path = Resources;
			sourceTree = "<group>";
		};
		7A3B384B703F99BFFF5226BE /* Fakes */ = {
			isa = PBXGroup;
			children = (
				7CD5225956A642BC48596403 /* FakeClaudeHandoff.swift */,
				4DE3385508EC20CD983A8AF9 /* FakeLaunchAtLoginService.swift */,
			);
			path = Fakes;
			sourceTree = "<group>";
		};
		7F87712068CBFC2CA549232B /* Claude */ = {
			isa = PBXGroup;
			children = (
				B957401C0292FB714615B37E /* ClaudeHandoff.swift */,
				A769CD384B54035052E79D20 /* ClaudePrompt.swift */,
				6DC72E43E14620B4805DE626 /* SystemClaudeHandoff.swift */,
			);
			path = Claude;
			sourceTree = "<group>";
		};
		84A47C6603CD5ACA51EA6B82 /* Hotkey */ = {
			isa = PBXGroup;
			children = (
				C9B0844ABB3F780D1F2CE515 /* HotkeyManager.swift */,
			);
			path = Hotkey;
			sourceTree = "<group>";
		};
		9579870D50605B3F694D932C /* Settings */ = {
			isa = PBXGroup;
			children = (
				C1EE9AF48450765E33411A86 /* AdvancedTab.swift */,
				F0E634DF0277FDFDD57D695E /* AITab.swift */,
				7F7848E15C8ADD403E88B9C3 /* CalendarTab.swift */,
				48DE6791E1CC55312AC80D3E /* GeneralTab.swift */,
				09D99CCA3CCAA25B705C12E9 /* KeybindingsTab.swift */,
				2BAD23F9436F343AD92FE459 /* OllamaSettingsSection.swift */,
				9DA64F0A54A08FC53D3F5681 /* RecordComboField.swift */,
				8344F2A8901F1A9B158F4447 /* SettingsWindow.swift */,
				4D0F6484D307F784AA064A13 /* StorageTab.swift */,
			);
			path = Settings;
			sourceTree = "<group>";
		};
		97D58AA03E8D457406DE7991 /* Store */ = {
			isa = PBXGroup;
			children = (
				3CDA0A15DCF13E839E64C340 /* DailyFile.swift */,
				49CDC4DAE3F1AA9A01F4FA30 /* MarkdownDoc.swift */,
				49657BD3B4A790B6E76F2286 /* Store.swift */,
				E454A8AE1874899F469A5E8C /* Todo.swift */,
			);
			path = Store;
			sourceTree = "<group>";
		};
		98110515FAB8B246A26DE230 /* Capture */ = {
			isa = PBXGroup;
			children = (
				6D93F9D0664E78E14B656E7D /* CaptureView.swift */,
				45835742C5C67CC8BA28A758 /* CaptureViewModel.swift */,
				9EBF53336FF61CC3ABFDDD2A /* CaptureWindow.swift */,
				D79CF682EE31F9B3C2A6EA2B /* ReviewListView.swift */,
			);
			path = Capture;
			sourceTree = "<group>";
		};
		98BACBAD039060A6F2FEB0F5 /* Config */ = {
			isa = PBXGroup;
			children = (
				1A0DF5E61B7CF1638617E711 /* ConfigStore.swift */,
			);
			path = Config;
			sourceTree = "<group>";
		};
		9B697A19AD720FCBE7A97AA8 /* AI */ = {
			isa = PBXGroup;
			children = (
				8EA76498A5FA03218FD07FC2 /* AIAvailability.swift */,
				77C0E7D3DD37BF03C0B72371 /* AIProvider.swift */,
				7B0EE59D27C1702E78013B10 /* AppleFMProvider.swift */,
				3910C21E4EB8A45CCCDA2351 /* ExtractedTask.swift */,
				1779948226E7290A4141189D /* ExtractedTaskAI.swift */,
				9113B404F80D9A6A66CDFC7F /* ExtractionPrompt.swift */,
				148B21D1DAB6F848A9FB9099 /* ExtractionResult.swift */,
				11BC412A4E5D78AE9A4ACD24 /* ISOTaskMapper.swift */,
				BE5BB2D1CE2E9503B3140245 /* JSONSchemaBuilder.swift */,
				A64B4957D1A1F845472F6297 /* KeychainAPIKeyStore.swift */,
				3F555F6B7796CD5B3E27FCB2 /* ProviderFactory.swift */,
				A4C805711B059EFD6C643117 /* RetryPolicy.swift */,
				41ADA90AE012463DBB0AEA14 /* TimeBlock.swift */,
				BCD99D5C01C9DD7DEE30BB71 /* Guardrails */,
				A4872F05770DD79F1C2FACE8 /* Ollama */,
				FC8A50EE7200C892B75A9D1E /* Providers */,
			);
			path = AI;
			sourceTree = "<group>";
		};
		9CBBAE578DFC2E5EF6F44C14 /* Resources */ = {
			isa = PBXGroup;
			children = (
				710A6F66A2A74516838B1E0E /* cross-provider-tolerances.json */,
				BDE5BC8AF7C48955FC276962 /* extraction-fixtures.json */,
			);
			path = Resources;
			sourceTree = "<group>";
		};
		A4872F05770DD79F1C2FACE8 /* Ollama */ = {
			isa = PBXGroup;
			children = (
				CDAAFD291515674072BD84FC /* CodesignVerifier.swift */,
				0766755BD786B00550210084 /* DiskSpace.swift */,
				E195DD44FFDF0E67F49CDCA4 /* GitHubReleases.swift */,
				820791648E6853B1DA48C4FF /* InstalledModel.swift */,
				2474B13F10234BC19952AA10 /* OllamaBinaryLocator.swift */,
				D9F0F64D39F30DCE8A137C2B /* OllamaDownloader.swift */,
				E3B8DDE953367F6C614E57C3 /* OllamaError.swift */,
				EED076436B08FDD988E3A9CD /* OllamaInstaller.swift */,
				648D58E2772B190DB7959D7A /* OllamaModelManager.swift */,
				30C4DA54EBC9CBC6FD045CDF /* PullProgress.swift */,
				D6EB8F59B589E10E72601FAE /* Quarantine.swift */,
			);
			path = Ollama;
			sourceTree = "<group>";
		};
		B8673E03FDD424E43569A804 /* Config */ = {
			isa = PBXGroup;
			children = (
				DBD348D2521FC3BD20CC2309 /* ConfigStoreProviderFieldTests.swift */,
			);
			path = Config;
			sourceTree = "<group>";
		};
		BCD99D5C01C9DD7DEE30BB71 /* Guardrails */ = {
			isa = PBXGroup;
			children = (
				3F9CEADED4FCCB1D3EF8B4B6 /* DurationGuardrail.swift */,
			);
			path = Guardrails;
			sourceTree = "<group>";
		};
		C6FE6D81CF7AC65E0720A24B /* Keybindings */ = {
			isa = PBXGroup;
			children = (
				EC759DA0F19FAD410B08429D /* Action.swift */,
				584B89BD144F18FA0301D259 /* KeybindingConflicts.swift */,
				5ED63FE9E1470161665CA7AC /* KeybindingsStore.swift */,
				49ACA01BC670AD43D28F2B65 /* KeyCombo.swift */,
				99EB871EE3BC1E7D453AA11E /* KeyComboDisplay.swift */,
			);
			path = Keybindings;
			sourceTree = "<group>";
		};
		D5894C03F6A0B075595685C7 /* LaunchAtLogin */ = {
			isa = PBXGroup;
			children = (
				B8A4A062DF3369683F5B69A6 /* LaunchAtLoginService.swift */,
				4DF369BD5FB25AF56FD74547 /* SMAppLaunchAtLoginService.swift */,
			);
			path = LaunchAtLogin;
			sourceTree = "<group>";
		};
		F215FDE7B6DBAAB18293CFD6 /* Calendar */ = {
			isa = PBXGroup;
			children = (
				23C090ADF66A94D4A73E9BD8 /* CalendarDrift.swift */,
				5212E65936B5489A73151E30 /* CalendarEventMapper.swift */,
				1D087F7C4C36FD1D57DAD33D /* CalendarService.swift */,
				E81A5F01CD75D09D0DDBC6C3 /* CalendarURL.swift */,
				00929A9F50EF33DD0F7D086E /* EventKitCalendarService.swift */,
			);
			path = Calendar;
			sourceTree = "<group>";
		};
		F216A523B4CE0EC9FFA1AC6B = {
			isa = PBXGroup;
			children = (
				13FD2ABE0761B0E8CEE8C50F /* Jotty */,
				0F2A3FDA3E2F92EF6C208F8D /* JottyTests */,
				0ABBF7411B38585D30518F11 /* Products */,
			);
			sourceTree = "<group>";
		};
		FC8A50EE7200C892B75A9D1E /* Providers */ = {
			isa = PBXGroup;
			children = (
				7656CBC204B1A25BA07AFA45 /* ClaudeProvider.swift */,
				34A507EC6C62BFF0B50DF9DB /* GeminiProvider.swift */,
				646855B8A21BF3E4EDDD4DCE /* OllamaProvider.swift */,
				F776385CB322A3DDE510F823 /* OpenAIProvider.swift */,
			);
			path = Providers;
			sourceTree = "<group>";
		};
/* End PBXGroup section */

/* Begin PBXNativeTarget section */
		59BD5C0D70EB5D291A1F969E /* Jotty */ = {
			isa = PBXNativeTarget;
			buildConfigurationList = 4DAAA81276555572961EC6BA /* Build configuration list for PBXNativeTarget "Jotty" */;
			buildPhases = (
				953445387DFB2D824570575C /* Sources */,
				C569C73F6153340E745F796A /* Resources */,
			);
			buildRules = (
			);
			dependencies = (
			);
			name = Jotty;
			packageProductDependencies = (
			);
			productName = Jotty;
			productReference = 428DD70FF55C0CDADC0E5444 /* Jotty.app */;
			productType = "com.apple.product-type.application";
		};
		856381287F7E2A7E6804DAB7 /* JottyTests */ = {
			isa = PBXNativeTarget;
			buildConfigurationList = 12F7A5BB83D9BA2F19262C4C /* Build configuration list for PBXNativeTarget "JottyTests" */;
			buildPhases = (
				8C2094A3CDA9197C7022CBC0 /* Sources */,
				0FC83E6911CB0F385E742E77 /* Resources */,
			);
			buildRules = (
			);
			dependencies = (
				157FD842081A282DF48E42AC /* PBXTargetDependency */,
			);
			name = JottyTests;
			packageProductDependencies = (
			);
			productName = JottyTests;
			productReference = BFEB5F765220DE9666B68F7B /* JottyTests.xctest */;
			productType = "com.apple.product-type.bundle.unit-test";
		};
/* End PBXNativeTarget section */

/* Begin PBXProject section */
		D6E676BED282840D279FB56E /* Project object */ = {
			isa = PBXProject;
			attributes = {
				BuildIndependentTargetsInParallel = YES;
				LastUpgradeCheck = 1430;
				TargetAttributes = {
					59BD5C0D70EB5D291A1F969E = {
						DevelopmentTeam = "";
						ProvisioningStyle = Automatic;
					};
					856381287F7E2A7E6804DAB7 = {
						DevelopmentTeam = "";
						ProvisioningStyle = Automatic;
					};
				};
			};
			buildConfigurationList = 4F15F9A4AE5E5204346F14EE /* Build configuration list for PBXProject "Jotty" */;
			developmentRegion = en;
			hasScannedForEncodings = 0;
			knownRegions = (
				Base,
				en,
			);
			mainGroup = F216A523B4CE0EC9FFA1AC6B;
			minimizedProjectReferenceProxies = 1;
			preferredProjectObjectVersion = 77;
			productRefGroup = 0ABBF7411B38585D30518F11 /* Products */;
			projectDirPath = "";
			projectRoot = "";
			targets = (
				59BD5C0D70EB5D291A1F969E /* Jotty */,
				856381287F7E2A7E6804DAB7 /* JottyTests */,
			);
		};
/* End PBXProject section */

/* Begin PBXResourcesBuildPhase section */
		0FC83E6911CB0F385E742E77 /* Resources */ = {
			isa = PBXResourcesBuildPhase;
			buildActionMask = 2147483647;
			files = (
				6FBC2FAAA7AF4FEAD6C3D190 /* cross-provider-tolerances.json in Resources */,
				EFE4C2C74BBA2997F75419E0 /* extraction-fixtures.json in Resources */,
			);
			runOnlyForDeploymentPostprocessing = 0;
		};
		C569C73F6153340E745F796A /* Resources */ = {
			isa = PBXResourcesBuildPhase;
			buildActionMask = 2147483647;
			files = (
				D6993FDFA92E2B08F7B3F52C /* Assets.xcassets in Resources */,
				11B763B580EADE4B89F4756E /* default-keybindings.json in Resources */,
			);
			runOnlyForDeploymentPostprocessing = 0;
		};
/* End PBXResourcesBuildPhase section */

/* Begin PBXSourcesBuildPhase section */
		8C2094A3CDA9197C7022CBC0 /* Sources */ = {
			isa = PBXSourcesBuildPhase;
			buildActionMask = 2147483647;
			files = (
				C45BD28C18479A579432C6A3 /* AppleFMProviderFixturesTests.swift in Sources */,
				2E27390ED97BC8597BE6B8C6 /* AppleFMProviderSubsetTests.swift in Sources */,
				1BC50D90AFF1CB973B15EADC /* CalendarEventMapperTests.swift in Sources */,
				D58243CB3057E984F2ED441E /* CalendarServiceTests.swift in Sources */,
				27A18BC23BB19F258170C636 /* CaptureViewModelAIPathTests.swift in Sources */,
				28BC4B4FCC196AAD8CCEDB19 /* CaptureViewModelFallbackTests.swift in Sources */,
				8301027F870AB1CA868276A8 /* CaptureViewModelTests.swift in Sources */,
				E6560770E1789D3C19A78AB8 /* ClaudePromptTests.swift in Sources */,
				A555FA0BE4730FAB981CF708 /* ClaudeProviderTests.swift in Sources */,
				E518CB95C20DB7611D5B7480 /* ConfigStoreProviderFieldTests.swift in Sources */,
				B9A7635A507134DCFFCC52BC /* ConfigStoreTests.swift in Sources */,
				5594C88B64D1A22FE8E2F940 /* ConflictDetectionTests.swift in Sources */,
				67E329EEFDB75C4A0B4DD8A3 /* CrossProviderTests.swift in Sources */,
				6B983A5A784A70DFE33E566D /* DailyFileTests.swift in Sources */,
				8AADC54766A06985B82814B2 /* DriftDetectionTests.swift in Sources */,
				D971F5201F1F3D2EBEC2CB46 /* DurationGuardrailTests.swift in Sources */,
				682CF1C7B61F0A2A68752E9D /* ExtractedTaskTests.swift in Sources */,
				BDDA6370872678ED79F0A9EE /* ExtractionPromptTests.swift in Sources */,
				D9EF353A56B432983FF479B3 /* FakeCalendarService.swift in Sources */,
				8CF0324340320B13B09E4FCE /* FakeClaudeHandoff.swift in Sources */,
				63702B888DBB2625DFB04D63 /* FakeLaunchAtLoginService.swift in Sources */,
				E4447D28FA66F03D1BDC5339 /* FixtureComparator.swift in Sources */,
				E3A30F2247865922A7DD2338 /* GeminiProviderTests.swift in Sources */,
				FBEF13AB8BE6325536AB0361 /* ISOTaskMapperTests.swift in Sources */,
				66D400C90EF207A7A59136D3 /* JSONSchemaBuilderTests.swift in Sources */,
				75E75B6F8442A901263D02E7 /* KeybindingConflictsTests.swift in Sources */,
				9A1A940CF599B1281E0D9285 /* KeybindingsStoreTests.swift in Sources */,
				887ECC5682D5BF6A0DF1CBF5 /* KeychainAPIKeyStoreTests.swift in Sources */,
				DEBE33F44C0B1A2F9162CC63 /* LaunchAtLoginTests.swift in Sources */,
				12914BA284FA48BF21F59CBE /* MarkdownDocTests.swift in Sources */,
				AA4787417E88E3F72C5F5510 /* MenubarListModelTests.swift in Sources */,
				972E4CBA4ACC52809336CC35 /* OllamaBinaryLocatorTests.swift in Sources */,
				24C3A1050859A957D9C0D897 /* OllamaInstallerTests.swift in Sources */,
				443E7FD46EF75B1DF4379030 /* OllamaModelManagerTests.swift in Sources */,
				3E41425FB0D8104549F26DB9 /* OllamaProviderTests.swift in Sources */,
				1B7DA313992E86CAE56A5EC1 /* OllamaTypesTests.swift in Sources */,
				FB97C70BF9671EBD8AD985DB /* OnboardingFlagTests.swift in Sources */,
				490F738FB25B281F2307DC24 /* OpenAIProviderTests.swift in Sources */,
				7512045C9955FF03F4208F33 /* PrivacyDefaultTests.swift in Sources */,
				3A7B97E8267549450599D9AE /* ProviderFactoryTests.swift in Sources */,
				46D948FE9F5A83C7781C8428 /* ProviderToleranceConfig.swift in Sources */,
				AA88A84B0DC036C099F8AC29 /* ProviderToleranceConfigTests.swift in Sources */,
				CB943CF3635054901E217689 /* RecordComboValidationTests.swift in Sources */,
				A5992B59338A3F857B39DD48 /* RetryPolicyTests.swift in Sources */,
				562FC1864EC866444522CA5B /* RolloverServiceTests.swift in Sources */,
				F0A2AE6B8DEE8009ED9E631D /* SmokeTest.swift in Sources */,
				3ED22ED5CB96C60B04AEC04B /* StoreRenameTests.swift in Sources */,
				535B07B92B41919A93B2E099 /* StoreTests.swift in Sources */,
				8A500C03063516DADDB72FE6 /* StubURLProtocol.swift in Sources */,
				659AC5D433FD661DE35CD4DF /* TodoTests.swift in Sources */,
			);
			runOnlyForDeploymentPostprocessing = 0;
		};
		953445387DFB2D824570575C /* Sources */ = {
			isa = PBXSourcesBuildPhase;
			buildActionMask = 2147483647;
			files = (
				ABAEFE960D853E31B130B707 /* AIAvailability.swift in Sources */,
				58E1D28C1017EC0D65392998 /* AIProvider.swift in Sources */,
				8A34C8537557EC76E3F9124F /* AITab.swift in Sources */,
				76D13BDC5E20FEA89EEB915B /* Action.swift in Sources */,
				BA0CD37E067E8D329C491BA0 /* AdvancedTab.swift in Sources */,
				0DC234678FC7ACCFDCF108CC /* AppDelegate.swift in Sources */,
				D47704925E2D9F1B33AC830C /* AppleFMProvider.swift in Sources */,
				DC13F6F4A63642BD6B3DE162 /* CalendarDrift.swift in Sources */,
				FA9753E9A723FFBE84D5BE54 /* CalendarEventMapper.swift in Sources */,
				C59259F4495F8E7486A667BB /* CalendarService.swift in Sources */,
				36F69507A5A803E7930A23D0 /* CalendarTab.swift in Sources */,
				52C89360FC3DBEDFFA4741B5 /* CalendarURL.swift in Sources */,
				69D3EB61F32C3DFEB6990560 /* CaptureView.swift in Sources */,
				64045BAF777CB5F4AF3A021A /* CaptureViewModel.swift in Sources */,
				70D150082AA2813E27919EAF /* CaptureWindow.swift in Sources */,
				52E4EC480A039DE56CDBB7A4 /* ClaudeHandoff.swift in Sources */,
				9B3C881DA280A234D0231A75 /* ClaudePrompt.swift in Sources */,
				5AF0C3CA0C3F5D1CFC6F6E63 /* ClaudeProvider.swift in Sources */,
				011FCD0F8A85C3042612DB19 /* CodesignVerifier.swift in Sources */,
				86918642CBA8980F05DAC8B1 /* ConfigStore.swift in Sources */,
				78933ADCEAA592EF6142A50D /* DailyFile.swift in Sources */,
				06937A8820325D8E363D26FE /* DiskSpace.swift in Sources */,
				AF9616D6B8C9325C4CC1B91C /* DurationGuardrail.swift in Sources */,
				D75CC104070B34EA222873A9 /* EventKitCalendarService.swift in Sources */,
				5BF0108DAFB7389639F8822E /* ExtractedTask.swift in Sources */,
				B31C6DCE478F193D31575510 /* ExtractedTaskAI.swift in Sources */,
				458BFDF704114F3E49691844 /* ExtractionPrompt.swift in Sources */,
				32E2A878C6D5F3FB61F4E22A /* ExtractionResult.swift in Sources */,
				D2A3A7C12C3C6198C6476A30 /* GeminiProvider.swift in Sources */,
				9016E4F39ED8C2B4BA08CBB6 /* GeneralTab.swift in Sources */,
				4D92D119A5DF67335C2570AB /* GitHubReleases.swift in Sources */,
				F37BB57E7E6293A91C4826E6 /* HotkeyManager.swift in Sources */,
				C15A0E464DAC736127AD7E6B /* ISOTaskMapper.swift in Sources */,
				CF69E9C4BD5EAE5170C79687 /* InstalledModel.swift in Sources */,
				E254C6286A6698C0962539B3 /* JSONSchemaBuilder.swift in Sources */,
				A2E5D91EBDA488B5B4F891DB /* JottyApp.swift in Sources */,
				DFFC4E09887978614C1381A7 /* KeyCombo.swift in Sources */,
				621D937DC0A0FE8ED173C60C /* KeyComboDisplay.swift in Sources */,
				C35DC5A6EDBAF1D9AC823043 /* KeybindingConflicts.swift in Sources */,
				6C8B6BB56D9C152161280221 /* KeybindingsStore.swift in Sources */,
				2288271E5923B3CB25E4D09E /* KeybindingsTab.swift in Sources */,
				B6E1E0FEDCDD91A07FB120AA /* KeychainAPIKeyStore.swift in Sources */,
				B47A6E0656A2E900D522ADC7 /* LaunchAtLoginService.swift in Sources */,
				8873431849F067B1D97A6983 /* MarkdownDoc.swift in Sources */,
				1211D18D25659470981B10CB /* MenubarController.swift in Sources */,
				B305C0E7660A097AD4197D9F /* MenubarListView.swift in Sources */,
				70202616D4F4B5A052D5F4AD /* OllamaBinaryLocator.swift in Sources */,
				2E76E6F3A2403048842D6BC3 /* OllamaDownloader.swift in Sources */,
				21A7F51F90F9E201E4DEF4E2 /* OllamaError.swift in Sources */,
				561A4F5D3945D120976D6E71 /* OllamaInstaller.swift in Sources */,
				F56EF043944DFD917ED549AB /* OllamaModelManager.swift in Sources */,
				8143A8E0BBB908899A089519 /* OllamaProvider.swift in Sources */,
				4C1DB8E26E1198F13FCFB086 /* OllamaSettingsSection.swift in Sources */,
				D4571DE189B4142C2E4B7C26 /* OnboardingWindow.swift in Sources */,
				429C354A89E73A84BA6CB15A /* OpenAIProvider.swift in Sources */,
				900971A7D8834FCBCF0AD1A1 /* ProviderFactory.swift in Sources */,
				D7EB350BC325F9BF4604C5D1 /* PullProgress.swift in Sources */,
				C25D38EA7EABC4933A5DA778 /* Quarantine.swift in Sources */,
				09556E3574E7E5D08C69BDFA /* RecordComboField.swift in Sources */,
				F1795581B4AF9AEA26BF24F4 /* RetryPolicy.swift in Sources */,
				5301946C5B6D48C7C50349C2 /* ReviewListView.swift in Sources */,
				DC6E2FD167A6B74ACE2CAAB5 /* RolloverService.swift in Sources */,
				3477567BEFA4C82E03320B2E /* SMAppLaunchAtLoginService.swift in Sources */,
				DE94C60BB5A7B4B2DCCA2359 /* SettingsWindow.swift in Sources */,
				91E39FCEDBF5174DA577A0D4 /* StorageTab.swift in Sources */,
				396E4752AEA2CF5CB27513E8 /* Store.swift in Sources */,
				1143FCA70958F285D810FE6C /* SystemClaudeHandoff.swift in Sources */,
				98B0247A2F46F0809F9F8FB1 /* TimeBlock.swift in Sources */,
				18BAC487B1E51BF1AB0FB1D0 /* Todo.swift in Sources */,
			);
			runOnlyForDeploymentPostprocessing = 0;
		};
/* End PBXSourcesBuildPhase section */

/* Begin PBXTargetDependency section */
		157FD842081A282DF48E42AC /* PBXTargetDependency */ = {
			isa = PBXTargetDependency;
			target = 59BD5C0D70EB5D291A1F969E /* Jotty */;
			targetProxy = B0B243D1CD16F4F17DF09629 /* PBXContainerItemProxy */;
		};
/* End PBXTargetDependency section */

/* Begin XCBuildConfiguration section */
		112BEB8BA400519593318CD9 /* Release */ = {
			isa = XCBuildConfiguration;
			buildSettings = {
				BUNDLE_LOADER = "$(TEST_HOST)";
				CODE_SIGN_IDENTITY = "-";
				CODE_SIGN_STYLE = Automatic;
				COMBINE_HIDPI_IMAGES = YES;
				DEVELOPMENT_TEAM = "";
				GENERATE_INFOPLIST_FILE = YES;
				LD_RUNPATH_SEARCH_PATHS = (
					"$(inherited)",
					"@executable_path/../Frameworks",
					"@loader_path/../Frameworks",
				);
				PRODUCT_BUNDLE_IDENTIFIER = com.jotty.JottyTests;
				SDKROOT = macosx;
				TEST_HOST = "$(BUILT_PRODUCTS_DIR)/Jotty.app/Contents/MacOS/Jotty";
			};
			name = Release;
		};
		3D685A6F285345C8B3FFFBB7 /* Release */ = {
			isa = XCBuildConfiguration;
			buildSettings = {
				ALWAYS_SEARCH_USER_PATHS = NO;
				CLANG_ANALYZER_NONNULL = YES;
				CLANG_ANALYZER_NUMBER_OBJECT_CONVERSION = YES_AGGRESSIVE;
				CLANG_CXX_LANGUAGE_STANDARD = "gnu++14";
				CLANG_CXX_LIBRARY = "libc++";
				CLANG_ENABLE_MODULES = YES;
				CLANG_ENABLE_OBJC_ARC = YES;
				CLANG_ENABLE_OBJC_WEAK = YES;
				CLANG_WARN_BLOCK_CAPTURE_AUTORELEASING = YES;
				CLANG_WARN_BOOL_CONVERSION = YES;
				CLANG_WARN_COMMA = YES;
				CLANG_WARN_CONSTANT_CONVERSION = YES;
				CLANG_WARN_DEPRECATED_OBJC_IMPLEMENTATIONS = YES;
				CLANG_WARN_DIRECT_OBJC_ISA_USAGE = YES_ERROR;
				CLANG_WARN_DOCUMENTATION_COMMENTS = YES;
				CLANG_WARN_EMPTY_BODY = YES;
				CLANG_WARN_ENUM_CONVERSION = YES;
				CLANG_WARN_INFINITE_RECURSION = YES;
				CLANG_WARN_INT_CONVERSION = YES;
				CLANG_WARN_NON_LITERAL_NULL_CONVERSION = YES;
				CLANG_WARN_OBJC_IMPLICIT_RETAIN_SELF = YES;
				CLANG_WARN_OBJC_LITERAL_CONVERSION = YES;
				CLANG_WARN_OBJC_ROOT_CLASS = YES_ERROR;
				CLANG_WARN_QUOTED_INCLUDE_IN_FRAMEWORK_HEADER = YES;
				CLANG_WARN_RANGE_LOOP_ANALYSIS = YES;
				CLANG_WARN_STRICT_PROTOTYPES = YES;
				CLANG_WARN_SUSPICIOUS_MOVE = YES;
				CLANG_WARN_UNGUARDED_AVAILABILITY = YES_AGGRESSIVE;
				CLANG_WARN_UNREACHABLE_CODE = YES;
				CLANG_WARN__DUPLICATE_METHOD_MATCH = YES;
				COPY_PHASE_STRIP = NO;
				DEBUG_INFORMATION_FORMAT = "dwarf-with-dsym";
				ENABLE_NS_ASSERTIONS = NO;
				ENABLE_STRICT_OBJC_MSGSEND = YES;
				ENABLE_USER_SCRIPT_SANDBOXING = NO;
				GCC_C_LANGUAGE_STANDARD = gnu11;
				GCC_NO_COMMON_BLOCKS = YES;
				GCC_WARN_64_TO_32_BIT_CONVERSION = YES;
				GCC_WARN_ABOUT_RETURN_TYPE = YES_ERROR;
				GCC_WARN_UNDECLARED_SELECTOR = YES;
				GCC_WARN_UNINITIALIZED_AUTOS = YES_AGGRESSIVE;
				GCC_WARN_UNUSED_FUNCTION = YES;
				GCC_WARN_UNUSED_VARIABLE = YES;
				MACOSX_DEPLOYMENT_TARGET = 26.0;
				MTL_ENABLE_DEBUG_INFO = NO;
				MTL_FAST_MATH = YES;
				PRODUCT_NAME = "$(TARGET_NAME)";
				SDKROOT = macosx;
				SWIFT_COMPILATION_MODE = wholemodule;
				SWIFT_OPTIMIZATION_LEVEL = "-O";
				SWIFT_VERSION = 6.0;
			};
			name = Release;
		};
		49E5A1CAB9B42978B05EA2CA /* Debug */ = {
			isa = XCBuildConfiguration;
			buildSettings = {
				ASSETCATALOG_COMPILER_APPICON_NAME = AppIcon;
				CODE_SIGN_IDENTITY = "-";
				CODE_SIGN_STYLE = Automatic;
				COMBINE_HIDPI_IMAGES = YES;
				DEVELOPMENT_TEAM = "";
				ENABLE_HARDENED_RUNTIME = YES;
				INFOPLIST_FILE = Jotty/Info.plist;
				LD_RUNPATH_SEARCH_PATHS = (
					"$(inherited)",
					"@executable_path/../Frameworks",
				);
				PRODUCT_BUNDLE_IDENTIFIER = com.jotty.Jotty;
				SDKROOT = macosx;
			};
			name = Debug;
		};
		7E4FBED5ADB33274C8B1054D /* Release */ = {
			isa = XCBuildConfiguration;
			buildSettings = {
				ASSETCATALOG_COMPILER_APPICON_NAME = AppIcon;
				CODE_SIGN_IDENTITY = "-";
				CODE_SIGN_STYLE = Automatic;
				COMBINE_HIDPI_IMAGES = YES;
				DEVELOPMENT_TEAM = "";
				ENABLE_HARDENED_RUNTIME = YES;
				INFOPLIST_FILE = Jotty/Info.plist;
				LD_RUNPATH_SEARCH_PATHS = (
					"$(inherited)",
					"@executable_path/../Frameworks",
				);
				PRODUCT_BUNDLE_IDENTIFIER = com.jotty.Jotty;
				SDKROOT = macosx;
			};
			name = Release;
		};
		83EC2B52CE71F7045E190E59 /* Debug */ = {
			isa = XCBuildConfiguration;
			buildSettings = {
				BUNDLE_LOADER = "$(TEST_HOST)";
				CODE_SIGN_IDENTITY = "-";
				CODE_SIGN_STYLE = Automatic;
				COMBINE_HIDPI_IMAGES = YES;
				DEVELOPMENT_TEAM = "";
				GENERATE_INFOPLIST_FILE = YES;
				LD_RUNPATH_SEARCH_PATHS = (
					"$(inherited)",
					"@executable_path/../Frameworks",
					"@loader_path/../Frameworks",
				);
				PRODUCT_BUNDLE_IDENTIFIER = com.jotty.JottyTests;
				SDKROOT = macosx;
				TEST_HOST = "$(BUILT_PRODUCTS_DIR)/Jotty.app/Contents/MacOS/Jotty";
			};
			name = Debug;
		};
		FCED02642CC48F93FE172A24 /* Debug */ = {
			isa = XCBuildConfiguration;
			buildSettings = {
				ALWAYS_SEARCH_USER_PATHS = NO;
				CLANG_ANALYZER_NONNULL = YES;
				CLANG_ANALYZER_NUMBER_OBJECT_CONVERSION = YES_AGGRESSIVE;
				CLANG_CXX_LANGUAGE_STANDARD = "gnu++14";
				CLANG_CXX_LIBRARY = "libc++";
				CLANG_ENABLE_MODULES = YES;
				CLANG_ENABLE_OBJC_ARC = YES;
				CLANG_ENABLE_OBJC_WEAK = YES;
				CLANG_WARN_BLOCK_CAPTURE_AUTORELEASING = YES;
				CLANG_WARN_BOOL_CONVERSION = YES;
				CLANG_WARN_COMMA = YES;
				CLANG_WARN_CONSTANT_CONVERSION = YES;
				CLANG_WARN_DEPRECATED_OBJC_IMPLEMENTATIONS = YES;
				CLANG_WARN_DIRECT_OBJC_ISA_USAGE = YES_ERROR;
				CLANG_WARN_DOCUMENTATION_COMMENTS = YES;
				CLANG_WARN_EMPTY_BODY = YES;
				CLANG_WARN_ENUM_CONVERSION = YES;
				CLANG_WARN_INFINITE_RECURSION = YES;
				CLANG_WARN_INT_CONVERSION = YES;
				CLANG_WARN_NON_LITERAL_NULL_CONVERSION = YES;
				CLANG_WARN_OBJC_IMPLICIT_RETAIN_SELF = YES;
				CLANG_WARN_OBJC_LITERAL_CONVERSION = YES;
				CLANG_WARN_OBJC_ROOT_CLASS = YES_ERROR;
				CLANG_WARN_QUOTED_INCLUDE_IN_FRAMEWORK_HEADER = YES;
				CLANG_WARN_RANGE_LOOP_ANALYSIS = YES;
				CLANG_WARN_STRICT_PROTOTYPES = YES;
				CLANG_WARN_SUSPICIOUS_MOVE = YES;
				CLANG_WARN_UNGUARDED_AVAILABILITY = YES_AGGRESSIVE;
				CLANG_WARN_UNREACHABLE_CODE = YES;
				CLANG_WARN__DUPLICATE_METHOD_MATCH = YES;
				COPY_PHASE_STRIP = NO;
				DEBUG_INFORMATION_FORMAT = dwarf;
				ENABLE_STRICT_OBJC_MSGSEND = YES;
				ENABLE_TESTABILITY = YES;
				ENABLE_USER_SCRIPT_SANDBOXING = NO;
				GCC_C_LANGUAGE_STANDARD = gnu11;
				GCC_DYNAMIC_NO_PIC = NO;
				GCC_NO_COMMON_BLOCKS = YES;
				GCC_OPTIMIZATION_LEVEL = 0;
				GCC_PREPROCESSOR_DEFINITIONS = (
					"$(inherited)",
					"DEBUG=1",
				);
				GCC_WARN_64_TO_32_BIT_CONVERSION = YES;
				GCC_WARN_ABOUT_RETURN_TYPE = YES_ERROR;
				GCC_WARN_UNDECLARED_SELECTOR = YES;
				GCC_WARN_UNINITIALIZED_AUTOS = YES_AGGRESSIVE;
				GCC_WARN_UNUSED_FUNCTION = YES;
				GCC_WARN_UNUSED_VARIABLE = YES;
				MACOSX_DEPLOYMENT_TARGET = 26.0;
				MTL_ENABLE_DEBUG_INFO = INCLUDE_SOURCE;
				MTL_FAST_MATH = YES;
				ONLY_ACTIVE_ARCH = YES;
				PRODUCT_NAME = "$(TARGET_NAME)";
				SDKROOT = macosx;
				SWIFT_ACTIVE_COMPILATION_CONDITIONS = DEBUG;
				SWIFT_OPTIMIZATION_LEVEL = "-Onone";
				SWIFT_VERSION = 6.0;
			};
			name = Debug;
		};
/* End XCBuildConfiguration section */

/* Begin XCConfigurationList section */
		12F7A5BB83D9BA2F19262C4C /* Build configuration list for PBXNativeTarget "JottyTests" */ = {
			isa = XCConfigurationList;
			buildConfigurations = (
				83EC2B52CE71F7045E190E59 /* Debug */,
				112BEB8BA400519593318CD9 /* Release */,
			);
			defaultConfigurationIsVisible = 0;
			defaultConfigurationName = Debug;
		};
		4DAAA81276555572961EC6BA /* Build configuration list for PBXNativeTarget "Jotty" */ = {
			isa = XCConfigurationList;
			buildConfigurations = (
				49E5A1CAB9B42978B05EA2CA /* Debug */,
				7E4FBED5ADB33274C8B1054D /* Release */,
			);
			defaultConfigurationIsVisible = 0;
			defaultConfigurationName = Debug;
		};
		4F15F9A4AE5E5204346F14EE /* Build configuration list for PBXProject "Jotty" */ = {
			isa = XCConfigurationList;
			buildConfigurations = (
				FCED02642CC48F93FE172A24 /* Debug */,
				3D685A6F285345C8B3FFFBB7 /* Release */,
			);
			defaultConfigurationIsVisible = 0;
			defaultConfigurationName = Debug;
		};
/* End XCConfigurationList section */
	};
	rootObject = D6E676BED282840D279FB56E /* Project object */;
}
