// !$*UTF8*$!
{
	archiveVersion = 1;
	classes = {
	};
	objectVersion = 77;
	objects = {

/* Begin PBXBuildFile section */
		0DC234678FC7ACCFDCF108CC /* AppDelegate.swift in Sources */ = {isa = PBXBuildFile; fileRef = B026F43211BD2F9BB519C180 /* AppDelegate.swift */; };
		11B763B580EADE4B89F4756E /* default-keybindings.json in Resources */ = {isa = PBXBuildFile; fileRef = 6DE9FB54B158EC494838B935 /* default-keybindings.json */; };
		6C8B6BB56D9C152161280221 /* KeybindingsStore.swift in Sources */ = {isa = PBXBuildFile; fileRef = 5ED63FE9E1470161665CA7AC /* KeybindingsStore.swift */; };
		76D13BDC5E20FEA89EEB915B /* Action.swift in Sources */ = {isa = PBXBuildFile; fileRef = EC759DA0F19FAD410B08429D /* Action.swift */; };
		86918642CBA8980F05DAC8B1 /* ConfigStore.swift in Sources */ = {isa = PBXBuildFile; fileRef = 1A0DF5E61B7CF1638617E711 /* ConfigStore.swift */; };
		9A1A940CF599B1281E0D9285 /* KeybindingsStoreTests.swift in Sources */ = {isa = PBXBuildFile; fileRef = 08A8AB1294E243EEE46C13F4 /* KeybindingsStoreTests.swift */; };
		A2E5D91EBDA488B5B4F891DB /* JottyApp.swift in Sources */ = {isa = PBXBuildFile; fileRef = 8A9053C9CFEB56811D8D06FA /* JottyApp.swift */; };
		B9A7635A507134DCFFCC52BC /* ConfigStoreTests.swift in Sources */ = {isa = PBXBuildFile; fileRef = 006FA2D88232464A90253AFC /* ConfigStoreTests.swift */; };
		D6993FDFA92E2B08F7B3F52C /* Assets.xcassets in Resources */ = {isa = PBXBuildFile; fileRef = 3DF97B79250F715F0DC65677 /* Assets.xcassets */; };
		DFFC4E09887978614C1381A7 /* KeyCombo.swift in Sources */ = {isa = PBXBuildFile; fileRef = 49ACA01BC670AD43D28F2B65 /* KeyCombo.swift */; };
		F0A2AE6B8DEE8009ED9E631D /* SmokeTest.swift in Sources */ = {isa = PBXBuildFile; fileRef = B74F35AEAC40DCE682986CCC /* SmokeTest.swift */; };
/* End PBXBuildFile section */

/* Begin PBXContainerItemProxy section */
		B0B243D1CD16F4F17DF09629 /* PBXContainerItemProxy */ = {
			isa = PBXContainerItemProxy;
			containerPortal = D6E676BED282840D279FB56E /* Project object */;
			proxyType = 1;
			remoteGlobalIDString = 59BD5C0D70EB5D291A1F969E;
			remoteInfo = Jotty;
		};
/* End PBXContainerItemProxy section */

/* Begin PBXFileReference section */
		006FA2D88232464A90253AFC /* ConfigStoreTests.swift */ = {isa = PBXFileReference; lastKnownFileType = sourcecode.swift; path = ConfigStoreTests.swift; sourceTree = "<group>"; };
		08A8AB1294E243EEE46C13F4 /* KeybindingsStoreTests.swift */ = {isa = PBXFileReference; lastKnownFileType = sourcecode.swift; path = KeybindingsStoreTests.swift; sourceTree = "<group>"; };
		1A0DF5E61B7CF1638617E711 /* ConfigStore.swift */ = {isa = PBXFileReference; lastKnownFileType = sourcecode.swift; path = ConfigStore.swift; sourceTree = "<group>"; };
		3DF97B79250F715F0DC65677 /* Assets.xcassets */ = {isa = PBXFileReference; lastKnownFileType = folder.assetcatalog; path = Assets.xcassets; sourceTree = "<group>"; };
		428DD70FF55C0CDADC0E5444 /* Jotty.app */ = {isa = PBXFileReference; explicitFileType = wrapper.application; includeInIndex = 0; path = Jotty.app; sourceTree = BUILT_PRODUCTS_DIR; };
		49ACA01BC670AD43D28F2B65 /* KeyCombo.swift */ = {isa = PBXFileReference; lastKnownFileType = sourcecode.swift; path = KeyCombo.swift; sourceTree = "<group>"; };
		5ED63FE9E1470161665CA7AC /* KeybindingsStore.swift */ = {isa = PBXFileReference; lastKnownFileType = sourcecode.swift; path = KeybindingsStore.swift; sourceTree = "<group>"; };
		6DE9FB54B158EC494838B935 /* default-keybindings.json */ = {isa = PBXFileReference; lastKnownFileType = text.json; path = "default-keybindings.json"; sourceTree = "<group>"; };
		8A9053C9CFEB56811D8D06FA /* JottyApp.swift */ = {isa = PBXFileReference; lastKnownFileType = sourcecode.swift; path = JottyApp.swift; sourceTree = "<group>"; };
		B026F43211BD2F9BB519C180 /* AppDelegate.swift */ = {isa = PBXFileReference; lastKnownFileType = sourcecode.swift; path = AppDelegate.swift; sourceTree = "<group>"; };
		B74F35AEAC40DCE682986CCC /* SmokeTest.swift */ = {isa = PBXFileReference; lastKnownFileType = sourcecode.swift; path = SmokeTest.swift; sourceTree = "<group>"; };
		BFEB5F765220DE9666B68F7B /* JottyTests.xctest */ = {isa = PBXFileReference; explicitFileType = wrapper.cfbundle; includeInIndex = 0; path = JottyTests.xctest; sourceTree = BUILT_PRODUCTS_DIR; };
		EC759DA0F19FAD410B08429D /* Action.swift */ = {isa = PBXFileReference; lastKnownFileType = sourcecode.swift; path = Action.swift; sourceTree = "<group>"; };
/* End PBXFileReference section */

/* Begin PBXGroup section */
		0ABBF7411B38585D30518F11 /* Products */ = {
			isa = PBXGroup;
			children = (
				428DD70FF55C0CDADC0E5444 /* Jotty.app */,
				BFEB5F765220DE9666B68F7B /* JottyTests.xctest */,
			);
			name = Products;
			sourceTree = "<group>";
		};
		0F2A3FDA3E2F92EF6C208F8D /* JottyTests */ = {
			isa = PBXGroup;
			children = (
				006FA2D88232464A90253AFC /* ConfigStoreTests.swift */,
				08A8AB1294E243EEE46C13F4 /* KeybindingsStoreTests.swift */,
				B74F35AEAC40DCE682986CCC /* SmokeTest.swift */,
			);
			path = JottyTests;
			sourceTree = "<group>";
		};
		13FD2ABE0761B0E8CEE8C50F /* Jotty */ = {
			isa = PBXGroup;
			children = (
				B026F43211BD2F9BB519C180 /* AppDelegate.swift */,
				8A9053C9CFEB56811D8D06FA /* JottyApp.swift */,
				98BACBAD039060A6F2FEB0F5 /* Config */,
				C6FE6D81CF7AC65E0720A24B /* Keybindings */,
				78260507BD3C890EA1E9BFDB /* Resources */,
			);
			path = Jotty;
			sourceTree = "<group>";
		};
		78260507BD3C890EA1E9BFDB /* Resources */ = {
			isa = PBXGroup;
			children = (
				3DF97B79250F715F0DC65677 /* Assets.xcassets */,
				6DE9FB54B158EC494838B935 /* default-keybindings.json */,
			);
			path = Resources;
			sourceTree = "<group>";
		};
		98BACBAD039060A6F2FEB0F5 /* Config */ = {
			isa = PBXGroup;
			children = (
				1A0DF5E61B7CF1638617E711 /* ConfigStore.swift */,
			);
			path = Config;
			sourceTree = "<group>";
		};
		C6FE6D81CF7AC65E0720A24B /* Keybindings */ = {
			isa = PBXGroup;
			children = (
				EC759DA0F19FAD410B08429D /* Action.swift */,
				5ED63FE9E1470161665CA7AC /* KeybindingsStore.swift */,
				49ACA01BC670AD43D28F2B65 /* KeyCombo.swift */,
			);
			path = Keybindings;
			sourceTree = "<group>";
		};
		F216A523B4CE0EC9FFA1AC6B = {
			isa = PBXGroup;
			children = (
				13FD2ABE0761B0E8CEE8C50F /* Jotty */,
				0F2A3FDA3E2F92EF6C208F8D /* JottyTests */,
				0ABBF7411B38585D30518F11 /* Products */,
			);
			sourceTree = "<group>";
		};
/* End PBXGroup section */

/* Begin PBXNativeTarget section */
		59BD5C0D70EB5D291A1F969E /* Jotty */ = {
			isa = PBXNativeTarget;
			buildConfigurationList = 4DAAA81276555572961EC6BA /* Build configuration list for PBXNativeTarget "Jotty" */;
			buildPhases = (
				953445387DFB2D824570575C /* Sources */,
				C569C73F6153340E745F796A /* Resources */,
			);
			buildRules = (
			);
			dependencies = (
			);
			name = Jotty;
			packageProductDependencies = (
			);
			productName = Jotty;
			productReference = 428DD70FF55C0CDADC0E5444 /* Jotty.app */;
			productType = "com.apple.product-type.application";
		};
		856381287F7E2A7E6804DAB7 /* JottyTests */ = {
			isa = PBXNativeTarget;
			buildConfigurationList = 12F7A5BB83D9BA2F19262C4C /* Build configuration list for PBXNativeTarget "JottyTests" */;
			buildPhases = (
				8C2094A3CDA9197C7022CBC0 /* Sources */,
			);
			buildRules = (
			);
			dependencies = (
				157FD842081A282DF48E42AC /* PBXTargetDependency */,
			);
			name = JottyTests;
			packageProductDependencies = (
			);
			productName = JottyTests;
			productReference = BFEB5F765220DE9666B68F7B /* JottyTests.xctest */;
			productType = "com.apple.product-type.bundle.unit-test";
		};
/* End PBXNativeTarget section */

/* Begin PBXProject section */
		D6E676BED282840D279FB56E /* Project object */ = {
			isa = PBXProject;
			attributes = {
				BuildIndependentTargetsInParallel = YES;
				LastUpgradeCheck = 1430;
				TargetAttributes = {
					59BD5C0D70EB5D291A1F969E = {
						DevelopmentTeam = "";
						ProvisioningStyle = Automatic;
					};
					856381287F7E2A7E6804DAB7 = {
						DevelopmentTeam = "";
						ProvisioningStyle = Automatic;
					};
				};
			};
			buildConfigurationList = 4F15F9A4AE5E5204346F14EE /* Build configuration list for PBXProject "Jotty" */;
			developmentRegion = en;
			hasScannedForEncodings = 0;
			knownRegions = (
				Base,
				en,
			);
			mainGroup = F216A523B4CE0EC9FFA1AC6B;
			minimizedProjectReferenceProxies = 1;
			preferredProjectObjectVersion = 77;
			productRefGroup = 0ABBF7411B38585D30518F11 /* Products */;
			projectDirPath = "";
			projectRoot = "";
			targets = (
				59BD5C0D70EB5D291A1F969E /* Jotty */,
				856381287F7E2A7E6804DAB7 /* JottyTests */,
			);
		};
/* End PBXProject section */

/* Begin PBXResourcesBuildPhase section */
		C569C73F6153340E745F796A /* Resources */ = {
			isa = PBXResourcesBuildPhase;
			buildActionMask = 2147483647;
			files = (
				D6993FDFA92E2B08F7B3F52C /* Assets.xcassets in Resources */,
				11B763B580EADE4B89F4756E /* default-keybindings.json in Resources */,
			);
			runOnlyForDeploymentPostprocessing = 0;
		};
/* End PBXResourcesBuildPhase section */

/* Begin PBXSourcesBuildPhase section */
		8C2094A3CDA9197C7022CBC0 /* Sources */ = {
			isa = PBXSourcesBuildPhase;
			buildActionMask = 2147483647;
			files = (
				B9A7635A507134DCFFCC52BC /* ConfigStoreTests.swift in Sources */,
				9A1A940CF599B1281E0D9285 /* KeybindingsStoreTests.swift in Sources */,
				F0A2AE6B8DEE8009ED9E631D /* SmokeTest.swift in Sources */,
			);
			runOnlyForDeploymentPostprocessing = 0;
		};
		953445387DFB2D824570575C /* Sources */ = {
			isa = PBXSourcesBuildPhase;
			buildActionMask = 2147483647;
			files = (
				76D13BDC5E20FEA89EEB915B /* Action.swift in Sources */,
				0DC234678FC7ACCFDCF108CC /* AppDelegate.swift in Sources */,
				86918642CBA8980F05DAC8B1 /* ConfigStore.swift in Sources */,
				A2E5D91EBDA488B5B4F891DB /* JottyApp.swift in Sources */,
				DFFC4E09887978614C1381A7 /* KeyCombo.swift in Sources */,
				6C8B6BB56D9C152161280221 /* KeybindingsStore.swift in Sources */,
			);
			runOnlyForDeploymentPostprocessing = 0;
		};
/* End PBXSourcesBuildPhase section */

/* Begin PBXTargetDependency section */
		157FD842081A282DF48E42AC /* PBXTargetDependency */ = {
			isa = PBXTargetDependency;
			target = 59BD5C0D70EB5D291A1F969E /* Jotty */;
			targetProxy = B0B243D1CD16F4F17DF09629 /* PBXContainerItemProxy */;
		};
/* End PBXTargetDependency section */

/* Begin XCBuildConfiguration section */
		112BEB8BA400519593318CD9 /* Release */ = {
			isa = XCBuildConfiguration;
			buildSettings = {
				BUNDLE_LOADER = "$(TEST_HOST)";
				CODE_SIGN_IDENTITY = "-";
				CODE_SIGN_STYLE = Automatic;
				COMBINE_HIDPI_IMAGES = YES;
				DEVELOPMENT_TEAM = "";
				GENERATE_INFOPLIST_FILE = YES;
				LD_RUNPATH_SEARCH_PATHS = (
					"$(inherited)",
					"@executable_path/../Frameworks",
					"@loader_path/../Frameworks",
				);
				PRODUCT_BUNDLE_IDENTIFIER = com.jotty.JottyTests;
				SDKROOT = macosx;
				TEST_HOST = "$(BUILT_PRODUCTS_DIR)/Jotty.app/Contents/MacOS/Jotty";
			};
			name = Release;
		};
		3D685A6F285345C8B3FFFBB7 /* Release */ = {
			isa = XCBuildConfiguration;
			buildSettings = {
				ALWAYS_SEARCH_USER_PATHS = NO;
				CLANG_ANALYZER_NONNULL = YES;
				CLANG_ANALYZER_NUMBER_OBJECT_CONVERSION = YES_AGGRESSIVE;
				CLANG_CXX_LANGUAGE_STANDARD = "gnu++14";
				CLANG_CXX_LIBRARY = "libc++";
				CLANG_ENABLE_MODULES = YES;
				CLANG_ENABLE_OBJC_ARC = YES;
				CLANG_ENABLE_OBJC_WEAK = YES;
				CLANG_WARN_BLOCK_CAPTURE_AUTORELEASING = YES;
				CLANG_WARN_BOOL_CONVERSION = YES;
				CLANG_WARN_COMMA = YES;
				CLANG_WARN_CONSTANT_CONVERSION = YES;
				CLANG_WARN_DEPRECATED_OBJC_IMPLEMENTATIONS = YES;
				CLANG_WARN_DIRECT_OBJC_ISA_USAGE = YES_ERROR;
				CLANG_WARN_DOCUMENTATION_COMMENTS = YES;
				CLANG_WARN_EMPTY_BODY = YES;
				CLANG_WARN_ENUM_CONVERSION = YES;
				CLANG_WARN_INFINITE_RECURSION = YES;
				CLANG_WARN_INT_CONVERSION = YES;
				CLANG_WARN_NON_LITERAL_NULL_CONVERSION = YES;
				CLANG_WARN_OBJC_IMPLICIT_RETAIN_SELF = YES;
				CLANG_WARN_OBJC_LITERAL_CONVERSION = YES;
				CLANG_WARN_OBJC_ROOT_CLASS = YES_ERROR;
				CLANG_WARN_QUOTED_INCLUDE_IN_FRAMEWORK_HEADER = YES;
				CLANG_WARN_RANGE_LOOP_ANALYSIS = YES;
				CLANG_WARN_STRICT_PROTOTYPES = YES;
				CLANG_WARN_SUSPICIOUS_MOVE = YES;
				CLANG_WARN_UNGUARDED_AVAILABILITY = YES_AGGRESSIVE;
				CLANG_WARN_UNREACHABLE_CODE = YES;
				CLANG_WARN__DUPLICATE_METHOD_MATCH = YES;
				COPY_PHASE_STRIP = NO;
				DEBUG_INFORMATION_FORMAT = "dwarf-with-dsym";
				ENABLE_NS_ASSERTIONS = NO;
				ENABLE_STRICT_OBJC_MSGSEND = YES;
				ENABLE_USER_SCRIPT_SANDBOXING = NO;
				GCC_C_LANGUAGE_STANDARD = gnu11;
				GCC_NO_COMMON_BLOCKS = YES;
				GCC_WARN_64_TO_32_BIT_CONVERSION = YES;
				GCC_WARN_ABOUT_RETURN_TYPE = YES_ERROR;
				GCC_WARN_UNDECLARED_SELECTOR = YES;
				GCC_WARN_UNINITIALIZED_AUTOS = YES_AGGRESSIVE;
				GCC_WARN_UNUSED_FUNCTION = YES;
				GCC_WARN_UNUSED_VARIABLE = YES;
				MACOSX_DEPLOYMENT_TARGET = 26.0;
				MTL_ENABLE_DEBUG_INFO = NO;
				MTL_FAST_MATH = YES;
				PRODUCT_NAME = "$(TARGET_NAME)";
				SDKROOT = macosx;
				SWIFT_COMPILATION_MODE = wholemodule;
				SWIFT_OPTIMIZATION_LEVEL = "-O";
				SWIFT_VERSION = 6.0;
			};
			name = Release;
		};
		49E5A1CAB9B42978B05EA2CA /* Debug */ = {
			isa = XCBuildConfiguration;
			buildSettings = {
				ASSETCATALOG_COMPILER_APPICON_NAME = AppIcon;
				CODE_SIGN_IDENTITY = "-";
				CODE_SIGN_STYLE = Automatic;
				COMBINE_HIDPI_IMAGES = YES;
				DEVELOPMENT_TEAM = "";
				ENABLE_HARDENED_RUNTIME = YES;
				INFOPLIST_FILE = Jotty/Info.plist;
				LD_RUNPATH_SEARCH_PATHS = (
					"$(inherited)",
					"@executable_path/../Frameworks",
				);
				PRODUCT_BUNDLE_IDENTIFIER = com.jotty.Jotty;
				SDKROOT = macosx;
			};
			name = Debug;
		};
		7E4FBED5ADB33274C8B1054D /* Release */ = {
			isa = XCBuildConfiguration;
			buildSettings = {
				ASSETCATALOG_COMPILER_APPICON_NAME = AppIcon;
				CODE_SIGN_IDENTITY = "-";
				CODE_SIGN_STYLE = Automatic;
				COMBINE_HIDPI_IMAGES = YES;
				DEVELOPMENT_TEAM = "";
				ENABLE_HARDENED_RUNTIME = YES;
				INFOPLIST_FILE = Jotty/Info.plist;
				LD_RUNPATH_SEARCH_PATHS = (
					"$(inherited)",
					"@executable_path/../Frameworks",
				);
				PRODUCT_BUNDLE_IDENTIFIER = com.jotty.Jotty;
				SDKROOT = macosx;
			};
			name = Release;
		};
		83EC2B52CE71F7045E190E59 /* Debug */ = {
			isa = XCBuildConfiguration;
			buildSettings = {
				BUNDLE_LOADER = "$(TEST_HOST)";
				CODE_SIGN_IDENTITY = "-";
				CODE_SIGN_STYLE = Automatic;
				COMBINE_HIDPI_IMAGES = YES;
				DEVELOPMENT_TEAM = "";
				GENERATE_INFOPLIST_FILE = YES;
				LD_RUNPATH_SEARCH_PATHS = (
					"$(inherited)",
					"@executable_path/../Frameworks",
					"@loader_path/../Frameworks",
				);
				PRODUCT_BUNDLE_IDENTIFIER = com.jotty.JottyTests;
				SDKROOT = macosx;
				TEST_HOST = "$(BUILT_PRODUCTS_DIR)/Jotty.app/Contents/MacOS/Jotty";
			};
			name = Debug;
		};
		FCED02642CC48F93FE172A24 /* Debug */ = {
			isa = XCBuildConfiguration;
			buildSettings = {
				ALWAYS_SEARCH_USER_PATHS = NO;
				CLANG_ANALYZER_NONNULL = YES;
				CLANG_ANALYZER_NUMBER_OBJECT_CONVERSION = YES_AGGRESSIVE;
				CLANG_CXX_LANGUAGE_STANDARD = "gnu++14";
				CLANG_CXX_LIBRARY = "libc++";
				CLANG_ENABLE_MODULES = YES;
				CLANG_ENABLE_OBJC_ARC = YES;
				CLANG_ENABLE_OBJC_WEAK = YES;
				CLANG_WARN_BLOCK_CAPTURE_AUTORELEASING = YES;
				CLANG_WARN_BOOL_CONVERSION = YES;
				CLANG_WARN_COMMA = YES;
				CLANG_WARN_CONSTANT_CONVERSION = YES;
				CLANG_WARN_DEPRECATED_OBJC_IMPLEMENTATIONS = YES;
				CLANG_WARN_DIRECT_OBJC_ISA_USAGE = YES_ERROR;
				CLANG_WARN_DOCUMENTATION_COMMENTS = YES;
				CLANG_WARN_EMPTY_BODY = YES;
				CLANG_WARN_ENUM_CONVERSION = YES;
				CLANG_WARN_INFINITE_RECURSION = YES;
				CLANG_WARN_INT_CONVERSION = YES;
				CLANG_WARN_NON_LITERAL_NULL_CONVERSION = YES;
				CLANG_WARN_OBJC_IMPLICIT_RETAIN_SELF = YES;
				CLANG_WARN_OBJC_LITERAL_CONVERSION = YES;
				CLANG_WARN_OBJC_ROOT_CLASS = YES_ERROR;
				CLANG_WARN_QUOTED_INCLUDE_IN_FRAMEWORK_HEADER = YES;
				CLANG_WARN_RANGE_LOOP_ANALYSIS = YES;
				CLANG_WARN_STRICT_PROTOTYPES = YES;
				CLANG_WARN_SUSPICIOUS_MOVE = YES;
				CLANG_WARN_UNGUARDED_AVAILABILITY = YES_AGGRESSIVE;
				CLANG_WARN_UNREACHABLE_CODE = YES;
				CLANG_WARN__DUPLICATE_METHOD_MATCH = YES;
				COPY_PHASE_STRIP = NO;
				DEBUG_INFORMATION_FORMAT = dwarf;
				ENABLE_STRICT_OBJC_MSGSEND = YES;
				ENABLE_TESTABILITY = YES;
				ENABLE_USER_SCRIPT_SANDBOXING = NO;
				GCC_C_LANGUAGE_STANDARD = gnu11;
				GCC_DYNAMIC_NO_PIC = NO;
				GCC_NO_COMMON_BLOCKS = YES;
				GCC_OPTIMIZATION_LEVEL = 0;
				GCC_PREPROCESSOR_DEFINITIONS = (
					"$(inherited)",
					"DEBUG=1",
				);
				GCC_WARN_64_TO_32_BIT_CONVERSION = YES;
				GCC_WARN_ABOUT_RETURN_TYPE = YES_ERROR;
				GCC_WARN_UNDECLARED_SELECTOR = YES;
				GCC_WARN_UNINITIALIZED_AUTOS = YES_AGGRESSIVE;
				GCC_WARN_UNUSED_FUNCTION = YES;
				GCC_WARN_UNUSED_VARIABLE = YES;
				MACOSX_DEPLOYMENT_TARGET = 26.0;
				MTL_ENABLE_DEBUG_INFO = INCLUDE_SOURCE;
				MTL_FAST_MATH = YES;
				ONLY_ACTIVE_ARCH = YES;
				PRODUCT_NAME = "$(TARGET_NAME)";
				SDKROOT = macosx;
				SWIFT_ACTIVE_COMPILATION_CONDITIONS = DEBUG;
				SWIFT_OPTIMIZATION_LEVEL = "-Onone";
				SWIFT_VERSION = 6.0;
			};
			name = Debug;
		};
/* End XCBuildConfiguration section */

/* Begin XCConfigurationList section */
		12F7A5BB83D9BA2F19262C4C /* Build configuration list for PBXNativeTarget "JottyTests" */ = {
			isa = XCConfigurationList;
			buildConfigurations = (
				83EC2B52CE71F7045E190E59 /* Debug */,
				112BEB8BA400519593318CD9 /* Release */,
			);
			defaultConfigurationIsVisible = 0;
			defaultConfigurationName = Debug;
		};
		4DAAA81276555572961EC6BA /* Build configuration list for PBXNativeTarget "Jotty" */ = {
			isa = XCConfigurationList;
			buildConfigurations = (
				49E5A1CAB9B42978B05EA2CA /* Debug */,
				7E4FBED5ADB33274C8B1054D /* Release */,
			);
			defaultConfigurationIsVisible = 0;
			defaultConfigurationName = Debug;
		};
		4F15F9A4AE5E5204346F14EE /* Build configuration list for PBXProject "Jotty" */ = {
			isa = XCConfigurationList;
			buildConfigurations = (
				FCED02642CC48F93FE172A24 /* Debug */,
				3D685A6F285345C8B3FFFBB7 /* Release */,
			);
			defaultConfigurationIsVisible = 0;
			defaultConfigurationName = Debug;
		};
/* End XCConfigurationList section */
	};
	rootObject = D6E676BED282840D279FB56E /* Project object */;
}
